// !$*UTF8*$!
{
	archiveVersion = 1;
	classes = {
	};
	objectVersion = 46;
	objects = {

/* Begin PBXBuildFile section */
		CA2575DA1C55EF9F00E4281D /* AppDelegate.swift in Sources */ = {isa = PBXBuildFile; fileRef = CA2575D91C55EF9F00E4281D /* AppDelegate.swift */; };
		CA2575DC1C55EF9F00E4281D /* ViewController.swift in Sources */ = {isa = PBXBuildFile; fileRef = CA2575DB1C55EF9F00E4281D /* ViewController.swift */; };
		CA2575DF1C55EF9F00E4281D /* Main.storyboard in Resources */ = {isa = PBXBuildFile; fileRef = CA2575DD1C55EF9F00E4281D /* Main.storyboard */; };
		CA2575E21C55EF9F00E4281D /* collectionView.xcdatamodeld in Sources */ = {isa = PBXBuildFile; fileRef = CA2575E01C55EF9F00E4281D /* collectionView.xcdatamodeld */; };
		CA2575E41C55EF9F00E4281D /* Assets.xcassets in Resources */ = {isa = PBXBuildFile; fileRef = CA2575E31C55EF9F00E4281D /* Assets.xcassets */; };
		CA2575E71C55EF9F00E4281D /* LaunchScreen.storyboard in Resources */ = {isa = PBXBuildFile; fileRef = CA2575E51C55EF9F00E4281D /* LaunchScreen.storyboard */; };
		CA2575F21C55EF9F00E4281D /* collectionViewTests.swift in Sources */ = {isa = PBXBuildFile; fileRef = CA2575F11C55EF9F00E4281D /* collectionViewTests.swift */; };
		CA2575FD1C55EF9F00E4281D /* collectionViewUITests.swift in Sources */ = {isa = PBXBuildFile; fileRef = CA2575FC1C55EF9F00E4281D /* collectionViewUITests.swift */; };
		CA25760B1C55F4B600E4281D /* DataCell.swift in Sources */ = {isa = PBXBuildFile; fileRef = CA25760A1C55F4B600E4281D /* DataCell.swift */; };
/* End PBXBuildFile section */

/* Begin PBXContainerItemProxy section */
		CA2575EE1C55EF9F00E4281D /* PBXContainerItemProxy */ = {
			isa = PBXContainerItemProxy;
			containerPortal = CA2575CE1C55EF9F00E4281D /* Project object */;
			proxyType = 1;
			remoteGlobalIDString = CA2575D51C55EF9F00E4281D;
			remoteInfo = collectionView;
		};
		CA2575F91C55EF9F00E4281D /* PBXContainerItemProxy */ = {
			isa = PBXContainerItemProxy;
			containerPortal = CA2575CE1C55EF9F00E4281D /* Project object */;
			proxyType = 1;
			remoteGlobalIDString = CA2575D51C55EF9F00E4281D;
			remoteInfo = collectionView;
		};
/* End PBXContainerItemProxy section */

/* Begin PBXFileReference section */
		CA2575D61C55EF9F00E4281D /* collectionView.app */ = {isa = PBXFileReference; explicitFileType = wrapper.application; includeInIndex = 0; path = collectionView.app; sourceTree = BUILT_PRODUCTS_DIR; };
		CA2575D91C55EF9F00E4281D /* AppDelegate.swift */ = {isa = PBXFileReference; lastKnownFileType = sourcecode.swift; path = AppDelegate.swift; sourceTree = "<group>"; };
		CA2575DB1C55EF9F00E4281D /* ViewController.swift */ = {isa = PBXFileReference; lastKnownFileType = sourcecode.swift; path = ViewController.swift; sourceTree = "<group>"; };
		CA2575DE1C55EF9F00E4281D /* Base */ = {isa = PBXFileReference; lastKnownFileType = file.storyboard; name = Base; path = Base.lproj/Main.storyboard; sourceTree = "<group>"; };
		CA2575E11C55EF9F00E4281D /* collectionView.xcdatamodel */ = {isa = PBXFileReference; lastKnownFileType = wrapper.xcdatamodel; path = collectionView.xcdatamodel; sourceTree = "<group>"; };
		CA2575E31C55EF9F00E4281D /* Assets.xcassets */ = {isa = PBXFileReference; lastKnownFileType = folder.assetcatalog; path = Assets.xcassets; sourceTree = "<group>"; };
		CA2575E61C55EF9F00E4281D /* Base */ = {isa = PBXFileReference; lastKnownFileType = file.storyboard; name = Base; path = Base.lproj/LaunchScreen.storyboard; sourceTree = "<group>"; };
		CA2575E81C55EF9F00E4281D /* Info.plist */ = {isa = PBXFileReference; lastKnownFileType = text.plist.xml; path = Info.plist; sourceTree = "<group>"; };
		CA2575ED1C55EF9F00E4281D /* collectionViewTests.xctest */ = {isa = PBXFileReference; explicitFileType = wrapper.cfbundle; includeInIndex = 0; path = collectionViewTests.xctest; sourceTree = BUILT_PRODUCTS_DIR; };
		CA2575F11C55EF9F00E4281D /* collectionViewTests.swift */ = {isa = PBXFileReference; lastKnownFileType = sourcecode.swift; path = collectionViewTests.swift; sourceTree = "<group>"; };
		CA2575F31C55EF9F00E4281D /* Info.plist */ = {isa = PBXFileReference; lastKnownFileType = text.plist.xml; path = Info.plist; sourceTree = "<group>"; };
		CA2575F81C55EF9F00E4281D /* collectionViewUITests.xctest */ = {isa = PBXFileReference; explicitFileType = wrapper.cfbundle; includeInIndex = 0; path = collectionViewUITests.xctest; sourceTree = BUILT_PRODUCTS_DIR; };
		CA2575FC1C55EF9F00E4281D /* collectionViewUITests.swift */ = {isa = PBXFileReference; lastKnownFileType = sourcecode.swift; path = collectionViewUITests.swift; sourceTree = "<group>"; };
		CA2575FE1C55EF9F00E4281D /* Info.plist */ = {isa = PBXFileReference; lastKnownFileType = text.plist.xml; path = Info.plist; sourceTree = "<group>"; };
		CA25760A1C55F4B600E4281D /* DataCell.swift */ = {isa = PBXFileReference; fileEncoding = 4; lastKnownFileType = sourcecode.swift; path = DataCell.swift; sourceTree = "<group>"; };
/* End PBXFileReference section */

/* Begin PBXFrameworksBuildPhase section */
		CA2575D31C55EF9F00E4281D /* Frameworks */ = {
			isa = PBXFrameworksBuildPhase;
			buildActionMask = 2147483647;
			files = (
			);
			runOnlyForDeploymentPostprocessing = 0;
		};
		CA2575EA1C55EF9F00E4281D /* Frameworks */ = {
			isa = PBXFrameworksBuildPhase;
			buildActionMask = 2147483647;
			files = (
			);
			runOnlyForDeploymentPostprocessing = 0;
		};
		CA2575F51C55EF9F00E4281D /* Frameworks */ = {
			isa = PBXFrameworksBuildPhase;
			buildActionMask = 2147483647;
			files = (
			);
			runOnlyForDeploymentPostprocessing = 0;
		};
/* End PBXFrameworksBuildPhase section */

/* Begin PBXGroup section */
		CA2575CD1C55EF9F00E4281D = {
			isa = PBXGroup;
			children = (
				CA2575D81C55EF9F00E4281D /* collectionView */,
				CA2575F01C55EF9F00E4281D /* collectionViewTests */,
				CA2575FB1C55EF9F00E4281D /* collectionViewUITests */,
				CA2575D71C55EF9F00E4281D /* Products */,
			);
			sourceTree = "<group>";
		};
		CA2575D71C55EF9F00E4281D /* Products */ = {
			isa = PBXGroup;
			children = (
				CA2575D61C55EF9F00E4281D /* collectionView.app */,
				CA2575ED1C55EF9F00E4281D /* collectionViewTests.xctest */,
				CA2575F81C55EF9F00E4281D /* collectionViewUITests.xctest */,
			);
			name = Products;
			sourceTree = "<group>";
		};
		CA2575D81C55EF9F00E4281D /* collectionView */ = {
			isa = PBXGroup;
			children = (
				CA2575D91C55EF9F00E4281D /* AppDelegate.swift */,
				CA2575DB1C55EF9F00E4281D /* ViewController.swift */,
				CA2575DD1C55EF9F00E4281D /* Main.storyboard */,
				CA25760A1C55F4B600E4281D /* DataCell.swift */,
				CA2575E31C55EF9F00E4281D /* Assets.xcassets */,
				CA2575E51C55EF9F00E4281D /* LaunchScreen.storyboard */,
				CA2575E81C55EF9F00E4281D /* Info.plist */,
				CA2575E01C55EF9F00E4281D /* collectionView.xcdatamodeld */,
			);
			path = collectionView;
			sourceTree = "<group>";
		};
		CA2575F01C55EF9F00E4281D /* collectionViewTests */ = {
			isa = PBXGroup;
			children = (
				CA2575F11C55EF9F00E4281D /* collectionViewTests.swift */,
				CA2575F31C55EF9F00E4281D /* Info.plist */,
			);
			path = collectionViewTests;
			sourceTree = "<group>";
		};
		CA2575FB1C55EF9F00E4281D /* collectionViewUITests */ = {
			isa = PBXGroup;
			children = (
				CA2575FC1C55EF9F00E4281D /* collectionViewUITests.swift */,
				CA2575FE1C55EF9F00E4281D /* Info.plist */,
			);
			path = collectionViewUITests;
			sourceTree = "<group>";
		};
/* End PBXGroup section */

/* Begin PBXNativeTarget section */
		CA2575D51C55EF9F00E4281D /* collectionView */ = {
			isa = PBXNativeTarget;
			buildConfigurationList = CA2576011C55EF9F00E4281D /* Build configuration list for PBXNativeTarget "collectionView" */;
			buildPhases = (
				CA2575D21C55EF9F00E4281D /* Sources */,
				CA2575D31C55EF9F00E4281D /* Frameworks */,
				CA2575D41C55EF9F00E4281D /* Resources */,
			);
			buildRules = (
			);
			dependencies = (
			);
			name = collectionView;
			productName = collectionView;
			productReference = CA2575D61C55EF9F00E4281D /* collectionView.app */;
			productType = "com.apple.product-type.application";
		};
		CA2575EC1C55EF9F00E4281D /* collectionViewTests */ = {
			isa = PBXNativeTarget;
			buildConfigurationList = CA2576041C55EF9F00E4281D /* Build configuration list for PBXNativeTarget "collectionViewTests" */;
			buildPhases = (
				CA2575E91C55EF9F00E4281D /* Sources */,
				CA2575EA1C55EF9F00E4281D /* Frameworks */,
				CA2575EB1C55EF9F00E4281D /* Resources */,
			);
			buildRules = (
			);
			dependencies = (
				CA2575EF1C55EF9F00E4281D /* PBXTargetDependency */,
			);
			name = collectionViewTests;
			productName = collectionViewTests;
			productReference = CA2575ED1C55EF9F00E4281D /* collectionViewTests.xctest */;
			productType = "com.apple.product-type.bundle.unit-test";
		};
		CA2575F71C55EF9F00E4281D /* collectionViewUITests */ = {
			isa = PBXNativeTarget;
			buildConfigurationList = CA2576071C55EF9F00E4281D /* Build configuration list for PBXNativeTarget "collectionViewUITests" */;
			buildPhases = (
				CA2575F41C55EF9F00E4281D /* Sources */,
				CA2575F51C55EF9F00E4281D /* Frameworks */,
				CA2575F61C55EF9F00E4281D /* Resources */,
			);
			buildRules = (
			);
			dependencies = (
				CA2575FA1C55EF9F00E4281D /* PBXTargetDependency */,
			);
			name = collectionViewUITests;
			productName = collectionViewUITests;
			productReference = CA2575F81C55EF9F00E4281D /* collectionViewUITests.xctest */;
			productType = "com.apple.product-type.bundle.ui-testing";
		};
/* End PBXNativeTarget section */

/* Begin PBXProject section */
		CA2575CE1C55EF9F00E4281D /* Project object */ = {
			isa = PBXProject;
			attributes = {
				LastSwiftUpdateCheck = 0710;
				LastUpgradeCheck = 0710;
				ORGANIZATIONNAME = xjiang;
				TargetAttributes = {
					CA2575D51C55EF9F00E4281D = {
						CreatedOnToolsVersion = 7.1.1;
					};
					CA2575EC1C55EF9F00E4281D = {
						CreatedOnToolsVersion = 7.1.1;
						TestTargetID = CA2575D51C55EF9F00E4281D;
					};
					CA2575F71C55EF9F00E4281D = {
						CreatedOnToolsVersion = 7.1.1;
						TestTargetID = CA2575D51C55EF9F00E4281D;
					};
				};
			};
			buildConfigurationList = CA2575D11C55EF9F00E4281D /* Build configuration list for PBXProject "collectionView" */;
			compatibilityVersion = "Xcode 3.2";
			developmentRegion = English;
			hasScannedForEncodings = 0;
			knownRegions = (
				en,
				Base,
			);
			mainGroup = CA2575CD1C55EF9F00E4281D;
			productRefGroup = CA2575D71C55EF9F00E4281D /* Products */;
			projectDirPath = "";
			projectRoot = "";
			targets = (
				CA2575D51C55EF9F00E4281D /* collectionView */,
				CA2575EC1C55EF9F00E4281D /* collectionViewTests */,
				CA2575F71C55EF9F00E4281D /* collectionViewUITests */,
			);
		};
/* End PBXProject section */

/* Begin PBXResourcesBuildPhase section */
		CA2575D41C55EF9F00E4281D /* Resources */ = {
			isa = PBXResourcesBuildPhase;
			buildActionMask = 2147483647;
			files = (
				CA2575E71C55EF9F00E4281D /* LaunchScreen.storyboard in Resources */,
				CA2575E41C55EF9F00E4281D /* Assets.xcassets in Resources */,
				CA2575DF1C55EF9F00E4281D /* Main.storyboard in Resources */,
			);
			runOnlyForDeploymentPostprocessing = 0;
		};
		CA2575EB1C55EF9F00E4281D /* Resources */ = {
			isa = PBXResourcesBuildPhase;
			buildActionMask = 2147483647;
			files = (
			);
			runOnlyForDeploymentPostprocessing = 0;
		};
		CA2575F61C55EF9F00E4281D /* Resources */ = {
			isa = PBXResourcesBuildPhase;
			buildActionMask = 2147483647;
			files = (
			);
			runOnlyForDeploymentPostprocessing = 0;
		};
/* End PBXResourcesBuildPhase section */

/* Begin PBXSourcesBuildPhase section */
		CA2575D21C55EF9F00E4281D /* Sources */ = {
			isa = PBXSourcesBuildPhase;
			buildActionMask = 2147483647;
			files = (
				CA2575DC1C55EF9F00E4281D /* ViewController.swift in Sources */,
				CA2575DA1C55EF9F00E4281D /* AppDelegate.swift in Sources */,
				CA2575E21C55EF9F00E4281D /* collectionView.xcdatamodeld in Sources */,
				CA25760B1C55F4B600E4281D /* DataCell.swift in Sources */,
			);
			runOnlyForDeploymentPostprocessing = 0;
		};
		CA2575E91C55EF9F00E4281D /* Sources */ = {
			isa = PBXSourcesBuildPhase;
			buildActionMask = 2147483647;
			files = (
				CA2575F21C55EF9F00E4281D /* collectionViewTests.swift in Sources */,
			);
			runOnlyForDeploymentPostprocessing = 0;
		};
		CA2575F41C55EF9F00E4281D /* Sources */ = {
			isa = PBXSourcesBuildPhase;
			buildActionMask = 2147483647;
			files = (
				CA2575FD1C55EF9F00E4281D /* collectionViewUITests.swift in Sources */,
			);
			runOnlyForDeploymentPostprocessing = 0;
		};
/* End PBXSourcesBuildPhase section */

/* Begin PBXTargetDependency section */
		CA2575EF1C55EF9F00E4281D /* PBXTargetDependency */ = {
			isa = PBXTargetDependency;
			target = CA2575D51C55EF9F00E4281D /* collectionView */;
			targetProxy = CA2575EE1C55EF9F00E4281D /* PBXContainerItemProxy */;
		};
		CA2575FA1C55EF9F00E4281D /* PBXTargetDependency */ = {
			isa = PBXTargetDependency;
			target = CA2575D51C55EF9F00E4281D /* collectionView */;
			targetProxy = CA2575F91C55EF9F00E4281D /* PBXContainerItemProxy */;
		};
/* End PBXTargetDependency section */

/* Begin PBXVariantGroup section */
		CA2575DD1C55EF9F00E4281D /* Main.storyboard */ = {
			isa = PBXVariantGroup;
			children = (
				CA2575DE1C55EF9F00E4281D /* Base */,
			);
			name = Main.storyboard;
			sourceTree = "<group>";
		};
		CA2575E51C55EF9F00E4281D /* LaunchScreen.storyboard */ = {
			isa = PBXVariantGroup;
			children = (
				CA2575E61C55EF9F00E4281D /* Base */,
			);
			name = LaunchScreen.storyboard;
			sourceTree = "<group>";
		};
/* End PBXVariantGroup section */

/* Begin XCBuildConfiguration section */
		CA2575FF1C55EF9F00E4281D /* Debug */ = {
			isa = XCBuildConfiguration;
			buildSettings = {
				ALWAYS_SEARCH_USER_PATHS = NO;
				CLANG_CXX_LANGUAGE_STANDARD = "gnu++0x";
				CLANG_CXX_LIBRARY = "libc++";
				CLANG_ENABLE_MODULES = YES;
				CLANG_ENABLE_OBJC_ARC = YES;
				CLANG_WARN_BOOL_CONVERSION = YES;
				CLANG_WARN_CONSTANT_CONVERSION = YES;
				CLANG_WARN_DIRECT_OBJC_ISA_USAGE = YES_ERROR;
				CLANG_WARN_EMPTY_BODY = YES;
				CLANG_WARN_ENUM_CONVERSION = YES;
				CLANG_WARN_INT_CONVERSION = YES;
				CLANG_WARN_OBJC_ROOT_CLASS = YES_ERROR;
				CLANG_WARN_UNREACHABLE_CODE = YES;
				CLANG_WARN__DUPLICATE_METHOD_MATCH = YES;
				"CODE_SIGN_IDENTITY[sdk=iphoneos*]" = "iPhone Developer";
				COPY_PHASE_STRIP = NO;
				DEBUG_INFORMATION_FORMAT = dwarf;
				ENABLE_STRICT_OBJC_MSGSEND = YES;
				ENABLE_TESTABILITY = YES;
				GCC_C_LANGUAGE_STANDARD = gnu99;
				GCC_DYNAMIC_NO_PIC = NO;
				GCC_NO_COMMON_BLOCKS = YES;
				GCC_OPTIMIZATION_LEVEL = 0;
				GCC_PREPROCESSOR_DEFINITIONS = (
					"DEBUG=1",
					"$(inherited)",
				);
				GCC_WARN_64_TO_32_BIT_CONVERSION = YES;
				GCC_WARN_ABOUT_RETURN_TYPE = YES_ERROR;
				GCC_WARN_UNDECLARED_SELECTOR = YES;
				GCC_WARN_UNINITIALIZED_AUTOS = YES_AGGRESSIVE;
				GCC_WARN_UNUSED_FUNCTION = YES;
				GCC_WARN_UNUSED_VARIABLE = YES;
				IPHONEOS_DEPLOYMENT_TARGET = 9.1;
				MTL_ENABLE_DEBUG_INFO = YES;
				ONLY_ACTIVE_ARCH = YES;
				SDKROOT = iphoneos;
				SWIFT_OPTIMIZATION_LEVEL = "-Onone";
			};
			name = Debug;
		};
		CA2576001C55EF9F00E4281D /* Release */ = {
			isa = XCBuildConfiguration;
			buildSettings = {
				ALWAYS_SEARCH_USER_PATHS = NO;
				CLANG_CXX_LANGUAGE_STANDARD = "gnu++0x";
				CLANG_CXX_LIBRARY = "libc++";
				CLANG_ENABLE_MODULES = YES;
				CLANG_ENABLE_OBJC_ARC = YES;
				CLANG_WARN_BOOL_CONVERSION = YES;
				CLANG_WARN_CONSTANT_CONVERSION = YES;
				CLANG_WARN_DIRECT_OBJC_ISA_USAGE = YES_ERROR;
				CLANG_WARN_EMPTY_BODY = YES;
				CLANG_WARN_ENUM_CONVERSION = YES;
				CLANG_WARN_INT_CONVERSION = YES;
				CLANG_WARN_OBJC_ROOT_CLASS = YES_ERROR;
				CLANG_WARN_UNREACHABLE_CODE = YES;
				CLANG_WARN__DUPLICATE_METHOD_MATCH = YES;
				"CODE_SIGN_IDENTITY[sdk=iphoneos*]" = "iPhone Developer";
				COPY_PHASE_STRIP = NO;
				DEBUG_INFORMATION_FORMAT = "dwarf-with-dsym";
				ENABLE_NS_ASSERTIONS = NO;
				ENABLE_STRICT_OBJC_MSGSEND = YES;
				GCC_C_LANGUAGE_STANDARD = gnu99;
				GCC_NO_COMMON_BLOCKS = YES;
				GCC_WARN_64_TO_32_BIT_CONVERSION = YES;
				GCC_WARN_ABOUT_RETURN_TYPE = YES_ERROR;
				GCC_WARN_UNDECLARED_SELECTOR = YES;
				GCC_WARN_UNINITIALIZED_AUTOS = YES_AGGRESSIVE;
				GCC_WARN_UNUSED_FUNCTION = YES;
				GCC_WARN_UNUSED_VARIABLE = YES;
				IPHONEOS_DEPLOYMENT_TARGET = 9.1;
				MTL_ENABLE_DEBUG_INFO = NO;
				SDKROOT = iphoneos;
				VALIDATE_PRODUCT = YES;
			};
			name = Release;
		};
		CA2576021C55EF9F00E4281D /* Debug */ = {
			isa = XCBuildConfiguration;
			buildSettings = {
				ASSETCATALOG_COMPILER_APPICON_NAME = AppIcon;
				INFOPLIST_FILE = collectionView/Info.plist;
				LD_RUNPATH_SEARCH_PATHS = "$(inherited) @executable_path/Frameworks";
				PRODUCT_BUNDLE_IDENTIFIER = com.xiang.collectionView;
				PRODUCT_NAME = "$(TARGET_NAME)";
			};
			name = Debug;
		};
		CA2576031C55EF9F00E4281D /* Release */ = {
			isa = XCBuildConfiguration;
			buildSettings = {
				ASSETCATALOG_COMPILER_APPICON_NAME = AppIcon;
				INFOPLIST_FILE = collectionView/Info.plist;
				LD_RUNPATH_SEARCH_PATHS = "$(inherited) @executable_path/Frameworks";
				PRODUCT_BUNDLE_IDENTIFIER = com.xiang.collectionView;
				PRODUCT_NAME = "$(TARGET_NAME)";
			};
			name = Release;
		};
		CA2576051C55EF9F00E4281D /* Debug */ = {
			isa = XCBuildConfiguration;
			buildSettings = {
				BUNDLE_LOADER = "$(TEST_HOST)";
				INFOPLIST_FILE = collectionViewTests/Info.plist;
				LD_RUNPATH_SEARCH_PATHS = "$(inherited) @executable_path/Frameworks @loader_path/Frameworks";
				PRODUCT_BUNDLE_IDENTIFIER = com.xiang.collectionViewTests;
				PRODUCT_NAME = "$(TARGET_NAME)";
				TEST_HOST = "$(BUILT_PRODUCTS_DIR)/collectionView.app/collectionView";
			};
			name = Debug;
		};
		CA2576061C55EF9F00E4281D /* Release */ = {
			isa = XCBuildConfiguration;
			buildSettings = {
				BUNDLE_LOADER = "$(TEST_HOST)";
				INFOPLIST_FILE = collectionViewTests/Info.plist;
				LD_RUNPATH_SEARCH_PATHS = "$(inherited) @executable_path/Frameworks @loader_path/Frameworks";
				PRODUCT_BUNDLE_IDENTIFIER = com.xiang.collectionViewTests;
				PRODUCT_NAME = "$(TARGET_NAME)";
				TEST_HOST = "$(BUILT_PRODUCTS_DIR)/collectionView.app/collectionView";
			};
			name = Release;
		};
		CA2576081C55EF9F00E4281D /* Debug */ = {
			isa = XCBuildConfiguration;
			buildSettings = {
				INFOPLIST_FILE = collectionViewUITests/Info.plist;
				LD_RUNPATH_SEARCH_PATHS = "$(inherited) @executable_path/Frameworks @loader_path/Frameworks";
				PRODUCT_BUNDLE_IDENTIFIER = com.xiang.collectionViewUITests;
				PRODUCT_NAME = "$(TARGET_NAME)";
				TEST_TARGET_NAME = collectionView;
				USES_XCTRUNNER = YES;
			};
			name = Debug;
		};
		CA2576091C55EF9F00E4281D /* Release */ = {
			isa = XCBuildConfiguration;
			buildSettings = {
				INFOPLIST_FILE = collectionViewUITests/Info.plist;
				LD_RUNPATH_SEARCH_PATHS = "$(inherited) @executable_path/Frameworks @loader_path/Frameworks";
				PRODUCT_BUNDLE_IDENTIFIER = com.xiang.collectionViewUITests;
				PRODUCT_NAME = "$(TARGET_NAME)";
				TEST_TARGET_NAME = collectionView;
				USES_XCTRUNNER = YES;
			};
			name = Release;
		};
/* End XCBuildConfiguration section */

/* Begin XCConfigurationList section */
		CA2575D11C55EF9F00E4281D /* Build configuration list for PBXProject "collectionView" */ = {
			isa = XCConfigurationList;
			buildConfigurations = (
				CA2575FF1C55EF9F00E4281D /* Debug */,
				CA2576001C55EF9F00E4281D /* Release */,
			);
			defaultConfigurationIsVisible = 0;
			defaultConfigurationName = Release;
		};
		CA2576011C55EF9F00E4281D /* Build configuration list for PBXNativeTarget "collectionView" */ = {
			isa = XCConfigurationList;
			buildConfigurations = (
				CA2576021C55EF9F00E4281D /* Debug */,
				CA2576031C55EF9F00E4281D /* Release */,
			);
			defaultConfigurationIsVisible = 0;
		};
		CA2576041C55EF9F00E4281D /* Build configuration list for PBXNativeTarget "collectionViewTests" */ = {
			isa = XCConfigurationList;
			buildConfigurations = (
				CA2576051C55EF9F00E4281D /* Debug */,
				CA2576061C55EF9F00E4281D /* Release */,
			);
			defaultConfigurationIsVisible = 0;
		};
		CA2576071C55EF9F00E4281D /* Build configuration list for PBXNativeTarget "collectionViewUITests" */ = {
			isa = XCConfigurationList;
			buildConfigurations = (
				CA2576081C55EF9F00E4281D /* Debug */,
				CA2576091C55EF9F00E4281D /* Release */,
			);
			defaultConfigurationIsVisible = 0;
		};
/* End XCConfigurationList section */

/* Begin XCVersionGroup section */
		CA2575E01C55EF9F00E4281D /* collectionView.xcdatamodeld */ = {
			isa = XCVersionGroup;
			children = (
				CA2575E11C55EF9F00E4281D /* collectionView.xcdatamodel */,
			);
			currentVersion = CA2575E11C55EF9F00E4281D /* collectionView.xcdatamodel */;
			path = collectionView.xcdatamodeld;
			sourceTree = "<group>";
			versionGroupType = wrapper.xcdatamodel;
		};
/* End XCVersionGroup section */
	};
	rootObject = CA2575CE1C55EF9F00E4281D /* Project object */;
}
