// !$*UTF8*$!
{
	archiveVersion = 1;
	classes = {
	};
	objectVersion = 46;
	objects = {

/* Begin PBXBuildFile section */
		CA7B2A2A1C6D0B8500CAC21D /* AppDelegate.swift in Sources */ = {isa = PBXBuildFile; fileRef = CA7B2A291C6D0B8500CAC21D /* AppDelegate.swift */; };
		CA7B2A2C1C6D0B8500CAC21D /* ViewController.swift in Sources */ = {isa = PBXBuildFile; fileRef = CA7B2A2B1C6D0B8500CAC21D /* ViewController.swift */; };
		CA7B2A2F1C6D0B8500CAC21D /* Main.storyboard in Resources */ = {isa = PBXBuildFile; fileRef = CA7B2A2D1C6D0B8500CAC21D /* Main.storyboard */; };
		CA7B2A311C6D0B8500CAC21D /* Assets.xcassets in Resources */ = {isa = PBXBuildFile; fileRef = CA7B2A301C6D0B8500CAC21D /* Assets.xcassets */; };
		CA7B2A341C6D0B8500CAC21D /* LaunchScreen.storyboard in Resources */ = {isa = PBXBuildFile; fileRef = CA7B2A321C6D0B8500CAC21D /* LaunchScreen.storyboard */; };
		CA7B2A3F1C6D0B8500CAC21D /* GCDTests.swift in Sources */ = {isa = PBXBuildFile; fileRef = CA7B2A3E1C6D0B8500CAC21D /* GCDTests.swift */; };
		CA7B2A4A1C6D0B8500CAC21D /* GCDUITests.swift in Sources */ = {isa = PBXBuildFile; fileRef = CA7B2A491C6D0B8500CAC21D /* GCDUITests.swift */; };
/* End PBXBuildFile section */

/* Begin PBXContainerItemProxy section */
		CA7B2A3B1C6D0B8500CAC21D /* PBXContainerItemProxy */ = {
			isa = PBXContainerItemProxy;
			containerPortal = CA7B2A1E1C6D0B8500CAC21D /* Project object */;
			proxyType = 1;
			remoteGlobalIDString = CA7B2A251C6D0B8500CAC21D;
			remoteInfo = GCD;
		};
		CA7B2A461C6D0B8500CAC21D /* PBXContainerItemProxy */ = {
			isa = PBXContainerItemProxy;
			containerPortal = CA7B2A1E1C6D0B8500CAC21D /* Project object */;
			proxyType = 1;
			remoteGlobalIDString = CA7B2A251C6D0B8500CAC21D;
			remoteInfo = GCD;
		};
/* End PBXContainerItemProxy section */

/* Begin PBXFileReference section */
		CA7B2A261C6D0B8500CAC21D /* GCD.app */ = {isa = PBXFileReference; explicitFileType = wrapper.application; includeInIndex = 0; path = GCD.app; sourceTree = BUILT_PRODUCTS_DIR; };
		CA7B2A291C6D0B8500CAC21D /* AppDelegate.swift */ = {isa = PBXFileReference; lastKnownFileType = sourcecode.swift; path = AppDelegate.swift; sourceTree = "<group>"; };
		CA7B2A2B1C6D0B8500CAC21D /* ViewController.swift */ = {isa = PBXFileReference; lastKnownFileType = sourcecode.swift; path = ViewController.swift; sourceTree = "<group>"; };
		CA7B2A2E1C6D0B8500CAC21D /* Base */ = {isa = PBXFileReference; lastKnownFileType = file.storyboard; name = Base; path = Base.lproj/Main.storyboard; sourceTree = "<group>"; };
		CA7B2A301C6D0B8500CAC21D /* Assets.xcassets */ = {isa = PBXFileReference; lastKnownFileType = folder.assetcatalog; path = Assets.xcassets; sourceTree = "<group>"; };
		CA7B2A331C6D0B8500CAC21D /* Base */ = {isa = PBXFileReference; lastKnownFileType = file.storyboard; name = Base; path = Base.lproj/LaunchScreen.storyboard; sourceTree = "<group>"; };
		CA7B2A351C6D0B8500CAC21D /* Info.plist */ = {isa = PBXFileReference; lastKnownFileType = text.plist.xml; path = Info.plist; sourceTree = "<group>"; };
		CA7B2A3A1C6D0B8500CAC21D /* GCDTests.xctest */ = {isa = PBXFileReference; explicitFileType = wrapper.cfbundle; includeInIndex = 0; path = GCDTests.xctest; sourceTree = BUILT_PRODUCTS_DIR; };
		CA7B2A3E1C6D0B8500CAC21D /* GCDTests.swift */ = {isa = PBXFileReference; lastKnownFileType = sourcecode.swift; path = GCDTests.swift; sourceTree = "<group>"; };
		CA7B2A401C6D0B8500CAC21D /* Info.plist */ = {isa = PBXFileReference; lastKnownFileType = text.plist.xml; path = Info.plist; sourceTree = "<group>"; };
		CA7B2A451C6D0B8500CAC21D /* GCDUITests.xctest */ = {isa = PBXFileReference; explicitFileType = wrapper.cfbundle; includeInIndex = 0; path = GCDUITests.xctest; sourceTree = BUILT_PRODUCTS_DIR; };
		CA7B2A491C6D0B8500CAC21D /* GCDUITests.swift */ = {isa = PBXFileReference; lastKnownFileType = sourcecode.swift; path = GCDUITests.swift; sourceTree = "<group>"; };
		CA7B2A4B1C6D0B8500CAC21D /* Info.plist */ = {isa = PBXFileReference; lastKnownFileType = text.plist.xml; path = Info.plist; sourceTree = "<group>"; };
/* End PBXFileReference section */

/* Begin PBXFrameworksBuildPhase section */
		CA7B2A231C6D0B8500CAC21D /* Frameworks */ = {
			isa = PBXFrameworksBuildPhase;
			buildActionMask = 2147483647;
			files = (
			);
			runOnlyForDeploymentPostprocessing = 0;
		};
		CA7B2A371C6D0B8500CAC21D /* Frameworks */ = {
			isa = PBXFrameworksBuildPhase;
			buildActionMask = 2147483647;
			files = (
			);
			runOnlyForDeploymentPostprocessing = 0;
		};
		CA7B2A421C6D0B8500CAC21D /* Frameworks */ = {
			isa = PBXFrameworksBuildPhase;
			buildActionMask = 2147483647;
			files = (
			);
			runOnlyForDeploymentPostprocessing = 0;
		};
/* End PBXFrameworksBuildPhase section */

/* Begin PBXGroup section */
		CA7B2A1D1C6D0B8500CAC21D = {
			isa = PBXGroup;
			children = (
				CA7B2A281C6D0B8500CAC21D /* GCD */,
				CA7B2A3D1C6D0B8500CAC21D /* GCDTests */,
				CA7B2A481C6D0B8500CAC21D /* GCDUITests */,
				CA7B2A271C6D0B8500CAC21D /* Products */,
			);
			sourceTree = "<group>";
		};
		CA7B2A271C6D0B8500CAC21D /* Products */ = {
			isa = PBXGroup;
			children = (
				CA7B2A261C6D0B8500CAC21D /* GCD.app */,
				CA7B2A3A1C6D0B8500CAC21D /* GCDTests.xctest */,
				CA7B2A451C6D0B8500CAC21D /* GCDUITests.xctest */,
			);
			name = Products;
			sourceTree = "<group>";
		};
		CA7B2A281C6D0B8500CAC21D /* GCD */ = {
			isa = PBXGroup;
			children = (
				CA7B2A291C6D0B8500CAC21D /* AppDelegate.swift */,
				CA7B2A2B1C6D0B8500CAC21D /* ViewController.swift */,
				CA7B2A2D1C6D0B8500CAC21D /* Main.storyboard */,
				CA7B2A301C6D0B8500CAC21D /* Assets.xcassets */,
				CA7B2A321C6D0B8500CAC21D /* LaunchScreen.storyboard */,
				CA7B2A351C6D0B8500CAC21D /* Info.plist */,
			);
			path = GCD;
			sourceTree = "<group>";
		};
		CA7B2A3D1C6D0B8500CAC21D /* GCDTests */ = {
			isa = PBXGroup;
			children = (
				CA7B2A3E1C6D0B8500CAC21D /* GCDTests.swift */,
				CA7B2A401C6D0B8500CAC21D /* Info.plist */,
			);
			path = GCDTests;
			sourceTree = "<group>";
		};
		CA7B2A481C6D0B8500CAC21D /* GCDUITests */ = {
			isa = PBXGroup;
			children = (
				CA7B2A491C6D0B8500CAC21D /* GCDUITests.swift */,
				CA7B2A4B1C6D0B8500CAC21D /* Info.plist */,
			);
			path = GCDUITests;
			sourceTree = "<group>";
		};
/* End PBXGroup section */

/* Begin PBXNativeTarget section */
		CA7B2A251C6D0B8500CAC21D /* GCD */ = {
			isa = PBXNativeTarget;
			buildConfigurationList = CA7B2A4E1C6D0B8500CAC21D /* Build configuration list for PBXNativeTarget "GCD" */;
			buildPhases = (
				CA7B2A221C6D0B8500CAC21D /* Sources */,
				CA7B2A231C6D0B8500CAC21D /* Frameworks */,
				CA7B2A241C6D0B8500CAC21D /* Resources */,
			);
			buildRules = (
			);
			dependencies = (
			);
			name = GCD;
			productName = GCD;
			productReference = CA7B2A261C6D0B8500CAC21D /* GCD.app */;
			productType = "com.apple.product-type.application";
		};
		CA7B2A391C6D0B8500CAC21D /* GCDTests */ = {
			isa = PBXNativeTarget;
			buildConfigurationList = CA7B2A511C6D0B8500CAC21D /* Build configuration list for PBXNativeTarget "GCDTests" */;
			buildPhases = (
				CA7B2A361C6D0B8500CAC21D /* Sources */,
				CA7B2A371C6D0B8500CAC21D /* Frameworks */,
				CA7B2A381C6D0B8500CAC21D /* Resources */,
			);
			buildRules = (
			);
			dependencies = (
				CA7B2A3C1C6D0B8500CAC21D /* PBXTargetDependency */,
			);
			name = GCDTests;
			productName = GCDTests;
			productReference = CA7B2A3A1C6D0B8500CAC21D /* GCDTests.xctest */;
			productType = "com.apple.product-type.bundle.unit-test";
		};
		CA7B2A441C6D0B8500CAC21D /* GCDUITests */ = {
			isa = PBXNativeTarget;
			buildConfigurationList = CA7B2A541C6D0B8500CAC21D /* Build configuration list for PBXNativeTarget "GCDUITests" */;
			buildPhases = (
				CA7B2A411C6D0B8500CAC21D /* Sources */,
				CA7B2A421C6D0B8500CAC21D /* Frameworks */,
				CA7B2A431C6D0B8500CAC21D /* Resources */,
			);
			buildRules = (
			);
			dependencies = (
				CA7B2A471C6D0B8500CAC21D /* PBXTargetDependency */,
			);
			name = GCDUITests;
			productName = GCDUITests;
			productReference = CA7B2A451C6D0B8500CAC21D /* GCDUITests.xctest */;
			productType = "com.apple.product-type.bundle.ui-testing";
		};
/* End PBXNativeTarget section */

/* Begin PBXProject section */
		CA7B2A1E1C6D0B8500CAC21D /* Project object */ = {
			isa = PBXProject;
			attributes = {
				LastSwiftUpdateCheck = 0720;
				LastUpgradeCheck = 0720;
				ORGANIZATIONNAME = xjiang;
				TargetAttributes = {
					CA7B2A251C6D0B8500CAC21D = {
						CreatedOnToolsVersion = 7.2.1;
					};
					CA7B2A391C6D0B8500CAC21D = {
						CreatedOnToolsVersion = 7.2.1;
						TestTargetID = CA7B2A251C6D0B8500CAC21D;
					};
					CA7B2A441C6D0B8500CAC21D = {
						CreatedOnToolsVersion = 7.2.1;
						TestTargetID = CA7B2A251C6D0B8500CAC21D;
					};
				};
			};
			buildConfigurationList = CA7B2A211C6D0B8500CAC21D /* Build configuration list for PBXProject "GCD" */;
			compatibilityVersion = "Xcode 3.2";
			developmentRegion = English;
			hasScannedForEncodings = 0;
			knownRegions = (
				en,
				Base,
			);
			mainGroup = CA7B2A1D1C6D0B8500CAC21D;
			productRefGroup = CA7B2A271C6D0B8500CAC21D /* Products */;
			projectDirPath = "";
			projectRoot = "";
			targets = (
				CA7B2A251C6D0B8500CAC21D /* GCD */,
				CA7B2A391C6D0B8500CAC21D /* GCDTests */,
				CA7B2A441C6D0B8500CAC21D /* GCDUITests */,
			);
		};
/* End PBXProject section */

/* Begin PBXResourcesBuildPhase section */
		CA7B2A241C6D0B8500CAC21D /* Resources */ = {
			isa = PBXResourcesBuildPhase;
			buildActionMask = 2147483647;
			files = (
				CA7B2A341C6D0B8500CAC21D /* LaunchScreen.storyboard in Resources */,
				CA7B2A311C6D0B8500CAC21D /* Assets.xcassets in Resources */,
				CA7B2A2F1C6D0B8500CAC21D /* Main.storyboard in Resources */,
			);
			runOnlyForDeploymentPostprocessing = 0;
		};
		CA7B2A381C6D0B8500CAC21D /* Resources */ = {
			isa = PBXResourcesBuildPhase;
			buildActionMask = 2147483647;
			files = (
			);
			runOnlyForDeploymentPostprocessing = 0;
		};
		CA7B2A431C6D0B8500CAC21D /* Resources */ = {
			isa = PBXResourcesBuildPhase;
			buildActionMask = 2147483647;
			files = (
			);
			runOnlyForDeploymentPostprocessing = 0;
		};
/* End PBXResourcesBuildPhase section */

/* Begin PBXSourcesBuildPhase section */
		CA7B2A221C6D0B8500CAC21D /* Sources */ = {
			isa = PBXSourcesBuildPhase;
			buildActionMask = 2147483647;
			files = (
				CA7B2A2C1C6D0B8500CAC21D /* ViewController.swift in Sources */,
				CA7B2A2A1C6D0B8500CAC21D /* AppDelegate.swift in Sources */,
			);
			runOnlyForDeploymentPostprocessing = 0;
		};
		CA7B2A361C6D0B8500CAC21D /* Sources */ = {
			isa = PBXSourcesBuildPhase;
			buildActionMask = 2147483647;
			files = (
				CA7B2A3F1C6D0B8500CAC21D /* GCDTests.swift in Sources */,
			);
			runOnlyForDeploymentPostprocessing = 0;
		};
		CA7B2A411C6D0B8500CAC21D /* Sources */ = {
			isa = PBXSourcesBuildPhase;
			buildActionMask = 2147483647;
			files = (
				CA7B2A4A1C6D0B8500CAC21D /* GCDUITests.swift in Sources */,
			);
			runOnlyForDeploymentPostprocessing = 0;
		};
/* End PBXSourcesBuildPhase section */

/* Begin PBXTargetDependency section */
		CA7B2A3C1C6D0B8500CAC21D /* PBXTargetDependency */ = {
			isa = PBXTargetDependency;
			target = CA7B2A251C6D0B8500CAC21D /* GCD */;
			targetProxy = CA7B2A3B1C6D0B8500CAC21D /* PBXContainerItemProxy */;
		};
		CA7B2A471C6D0B8500CAC21D /* PBXTargetDependency */ = {
			isa = PBXTargetDependency;
			target = CA7B2A251C6D0B8500CAC21D /* GCD */;
			targetProxy = CA7B2A461C6D0B8500CAC21D /* PBXContainerItemProxy */;
		};
/* End PBXTargetDependency section */

/* Begin PBXVariantGroup section */
		CA7B2A2D1C6D0B8500CAC21D /* Main.storyboard */ = {
			isa = PBXVariantGroup;
			children = (
				CA7B2A2E1C6D0B8500CAC21D /* Base */,
			);
			name = Main.storyboard;
			sourceTree = "<group>";
		};
		CA7B2A321C6D0B8500CAC21D /* LaunchScreen.storyboard */ = {
			isa = PBXVariantGroup;
			children = (
				CA7B2A331C6D0B8500CAC21D /* Base */,
			);
			name = LaunchScreen.storyboard;
			sourceTree = "<group>";
		};
/* End PBXVariantGroup section */

/* Begin XCBuildConfiguration section */
		CA7B2A4C1C6D0B8500CAC21D /* Debug */ = {
			isa = XCBuildConfiguration;
			buildSettings = {
				ALWAYS_SEARCH_USER_PATHS = NO;
				CLANG_CXX_LANGUAGE_STANDARD = "gnu++0x";
				CLANG_CXX_LIBRARY = "libc++";
				CLANG_ENABLE_MODULES = YES;
				CLANG_ENABLE_OBJC_ARC = YES;
				CLANG_WARN_BOOL_CONVERSION = YES;
				CLANG_WARN_CONSTANT_CONVERSION = YES;
				CLANG_WARN_DIRECT_OBJC_ISA_USAGE = YES_ERROR;
				CLANG_WARN_EMPTY_BODY = YES;
				CLANG_WARN_ENUM_CONVERSION = YES;
				CLANG_WARN_INT_CONVERSION = YES;
				CLANG_WARN_OBJC_ROOT_CLASS = YES_ERROR;
				CLANG_WARN_UNREACHABLE_CODE = YES;
				CLANG_WARN__DUPLICATE_METHOD_MATCH = YES;
				"CODE_SIGN_IDENTITY[sdk=iphoneos*]" = "iPhone Developer";
				COPY_PHASE_STRIP = NO;
				DEBUG_INFORMATION_FORMAT = dwarf;
				ENABLE_STRICT_OBJC_MSGSEND = YES;
				ENABLE_TESTABILITY = YES;
				GCC_C_LANGUAGE_STANDARD = gnu99;
				GCC_DYNAMIC_NO_PIC = NO;
				GCC_NO_COMMON_BLOCKS = YES;
				GCC_OPTIMIZATION_LEVEL = 0;
				GCC_PREPROCESSOR_DEFINITIONS = (
					"DEBUG=1",
					"$(inherited)",
				);
				GCC_WARN_64_TO_32_BIT_CONVERSION = YES;
				GCC_WARN_ABOUT_RETURN_TYPE = YES_ERROR;
				GCC_WARN_UNDECLARED_SELECTOR = YES;
				GCC_WARN_UNINITIALIZED_AUTOS = YES_AGGRESSIVE;
				GCC_WARN_UNUSED_FUNCTION = YES;
				GCC_WARN_UNUSED_VARIABLE = YES;
				IPHONEOS_DEPLOYMENT_TARGET = 9.2;
				MTL_ENABLE_DEBUG_INFO = YES;
				ONLY_ACTIVE_ARCH = YES;
				SDKROOT = iphoneos;
				SWIFT_OPTIMIZATION_LEVEL = "-Onone";
			};
			name = Debug;
		};
		CA7B2A4D1C6D0B8500CAC21D /* Release */ = {
			isa = XCBuildConfiguration;
			buildSettings = {
				ALWAYS_SEARCH_USER_PATHS = NO;
				CLANG_CXX_LANGUAGE_STANDARD = "gnu++0x";
				CLANG_CXX_LIBRARY = "libc++";
				CLANG_ENABLE_MODULES = YES;
				CLANG_ENABLE_OBJC_ARC = YES;
				CLANG_WARN_BOOL_CONVERSION = YES;
				CLANG_WARN_CONSTANT_CONVERSION = YES;
				CLANG_WARN_DIRECT_OBJC_ISA_USAGE = YES_ERROR;
				CLANG_WARN_EMPTY_BODY = YES;
				CLANG_WARN_ENUM_CONVERSION = YES;
				CLANG_WARN_INT_CONVERSION = YES;
				CLANG_WARN_OBJC_ROOT_CLASS = YES_ERROR;
				CLANG_WARN_UNREACHABLE_CODE = YES;
				CLANG_WARN__DUPLICATE_METHOD_MATCH = YES;
				"CODE_SIGN_IDENTITY[sdk=iphoneos*]" = "iPhone Developer";
				COPY_PHASE_STRIP = NO;
				DEBUG_INFORMATION_FORMAT = "dwarf-with-dsym";
				ENABLE_NS_ASSERTIONS = NO;
				ENABLE_STRICT_OBJC_MSGSEND = YES;
				GCC_C_LANGUAGE_STANDARD = gnu99;
				GCC_NO_COMMON_BLOCKS = YES;
				GCC_WARN_64_TO_32_BIT_CONVERSION = YES;
				GCC_WARN_ABOUT_RETURN_TYPE = YES_ERROR;
				GCC_WARN_UNDECLARED_SELECTOR = YES;
				GCC_WARN_UNINITIALIZED_AUTOS = YES_AGGRESSIVE;
				GCC_WARN_UNUSED_FUNCTION = YES;
				GCC_WARN_UNUSED_VARIABLE = YES;
				IPHONEOS_DEPLOYMENT_TARGET = 9.2;
				MTL_ENABLE_DEBUG_INFO = NO;
				SDKROOT = iphoneos;
				VALIDATE_PRODUCT = YES;
			};
			name = Release;
		};
		CA7B2A4F1C6D0B8500CAC21D /* Debug */ = {
			isa = XCBuildConfiguration;
			buildSettings = {
				ASSETCATALOG_COMPILER_APPICON_NAME = AppIcon;
				INFOPLIST_FILE = GCD/Info.plist;
				LD_RUNPATH_SEARCH_PATHS = "$(inherited) @executable_path/Frameworks";
				PRODUCT_BUNDLE_IDENTIFIER = com.xiang.GCD;
				PRODUCT_NAME = "$(TARGET_NAME)";
			};
			name = Debug;
		};
		CA7B2A501C6D0B8500CAC21D /* Release */ = {
			isa = XCBuildConfiguration;
			buildSettings = {
				ASSETCATALOG_COMPILER_APPICON_NAME = AppIcon;
				INFOPLIST_FILE = GCD/Info.plist;
				LD_RUNPATH_SEARCH_PATHS = "$(inherited) @executable_path/Frameworks";
				PRODUCT_BUNDLE_IDENTIFIER = com.xiang.GCD;
				PRODUCT_NAME = "$(TARGET_NAME)";
			};
			name = Release;
		};
		CA7B2A521C6D0B8500CAC21D /* Debug */ = {
			isa = XCBuildConfiguration;
			buildSettings = {
				BUNDLE_LOADER = "$(TEST_HOST)";
				INFOPLIST_FILE = GCDTests/Info.plist;
				LD_RUNPATH_SEARCH_PATHS = "$(inherited) @executable_path/Frameworks @loader_path/Frameworks";
				PRODUCT_BUNDLE_IDENTIFIER = com.xiang.GCDTests;
				PRODUCT_NAME = "$(TARGET_NAME)";
				TEST_HOST = "$(BUILT_PRODUCTS_DIR)/GCD.app/GCD";
			};
			name = Debug;
		};
		CA7B2A531C6D0B8500CAC21D /* Release */ = {
			isa = XCBuildConfiguration;
			buildSettings = {
				BUNDLE_LOADER = "$(TEST_HOST)";
				INFOPLIST_FILE = GCDTests/Info.plist;
				LD_RUNPATH_SEARCH_PATHS = "$(inherited) @executable_path/Frameworks @loader_path/Frameworks";
				PRODUCT_BUNDLE_IDENTIFIER = com.xiang.GCDTests;
				PRODUCT_NAME = "$(TARGET_NAME)";
				TEST_HOST = "$(BUILT_PRODUCTS_DIR)/GCD.app/GCD";
			};
			name = Release;
		};
		CA7B2A551C6D0B8500CAC21D /* Debug */ = {
			isa = XCBuildConfiguration;
			buildSettings = {
				INFOPLIST_FILE = GCDUITests/Info.plist;
				LD_RUNPATH_SEARCH_PATHS = "$(inherited) @executable_path/Frameworks @loader_path/Frameworks";
				PRODUCT_BUNDLE_IDENTIFIER = com.xiang.GCDUITests;
				PRODUCT_NAME = "$(TARGET_NAME)";
				TEST_TARGET_NAME = GCD;
				USES_XCTRUNNER = YES;
			};
			name = Debug;
		};
		CA7B2A561C6D0B8500CAC21D /* Release */ = {
			isa = XCBuildConfiguration;
			buildSettings = {
				INFOPLIST_FILE = GCDUITests/Info.plist;
				LD_RUNPATH_SEARCH_PATHS = "$(inherited) @executable_path/Frameworks @loader_path/Frameworks";
				PRODUCT_BUNDLE_IDENTIFIER = com.xiang.GCDUITests;
				PRODUCT_NAME = "$(TARGET_NAME)";
				TEST_TARGET_NAME = GCD;
				USES_XCTRUNNER = YES;
			};
			name = Release;
		};
/* End XCBuildConfiguration section */

/* Begin XCConfigurationList section */
		CA7B2A211C6D0B8500CAC21D /* Build configuration list for PBXProject "GCD" */ = {
			isa = XCConfigurationList;
			buildConfigurations = (
				CA7B2A4C1C6D0B8500CAC21D /* Debug */,
				CA7B2A4D1C6D0B8500CAC21D /* Release */,
			);
			defaultConfigurationIsVisible = 0;
			defaultConfigurationName = Release;
		};
		CA7B2A4E1C6D0B8500CAC21D /* Build configuration list for PBXNativeTarget "GCD" */ = {
			isa = XCConfigurationList;
			buildConfigurations = (
				CA7B2A4F1C6D0B8500CAC21D /* Debug */,
				CA7B2A501C6D0B8500CAC21D /* Release */,
			);
			defaultConfigurationIsVisible = 0;
		};
		CA7B2A511C6D0B8500CAC21D /* Build configuration list for PBXNativeTarget "GCDTests" */ = {
			isa = XCConfigurationList;
			buildConfigurations = (
				CA7B2A521C6D0B8500CAC21D /* Debug */,
				CA7B2A531C6D0B8500CAC21D /* Release */,
			);
			defaultConfigurationIsVisible = 0;
		};
		CA7B2A541C6D0B8500CAC21D /* Build configuration list for PBXNativeTarget "GCDUITests" */ = {
			isa = XCConfigurationList;
			buildConfigurations = (
				CA7B2A551C6D0B8500CAC21D /* Debug */,
				CA7B2A561C6D0B8500CAC21D /* Release */,
			);
			defaultConfigurationIsVisible = 0;
		};
/* End XCConfigurationList section */
	};
	rootObject = CA7B2A1E1C6D0B8500CAC21D /* Project object */;
}
