// !$*UTF8*$!
{
	archiveVersion = 1;
	classes = {
	};
	objectVersion = 46;
	objects = {

/* Begin PBXBuildFile section */
		CAEAC1191C4C71D8008820DC /* AppDelegate.swift in Sources */ = {isa = PBXBuildFile; fileRef = CAEAC1181C4C71D8008820DC /* AppDelegate.swift */; };
		CAEAC11B1C4C71D8008820DC /* ViewController.swift in Sources */ = {isa = PBXBuildFile; fileRef = CAEAC11A1C4C71D8008820DC /* ViewController.swift */; };
		CAEAC11E1C4C71D8008820DC /* Main.storyboard in Resources */ = {isa = PBXBuildFile; fileRef = CAEAC11C1C4C71D8008820DC /* Main.storyboard */; };
		CAEAC1211C4C71D8008820DC /* MultiviewTest.xcdatamodeld in Sources */ = {isa = PBXBuildFile; fileRef = CAEAC11F1C4C71D8008820DC /* MultiviewTest.xcdatamodeld */; };
		CAEAC1231C4C71D8008820DC /* Assets.xcassets in Resources */ = {isa = PBXBuildFile; fileRef = CAEAC1221C4C71D8008820DC /* Assets.xcassets */; };
		CAEAC1261C4C71D8008820DC /* LaunchScreen.storyboard in Resources */ = {isa = PBXBuildFile; fileRef = CAEAC1241C4C71D8008820DC /* LaunchScreen.storyboard */; };
		CAEAC1311C4C71D8008820DC /* MultiviewTestTests.swift in Sources */ = {isa = PBXBuildFile; fileRef = CAEAC1301C4C71D8008820DC /* MultiviewTestTests.swift */; };
		CAEAC13C1C4C71D8008820DC /* MultiviewTestUITests.swift in Sources */ = {isa = PBXBuildFile; fileRef = CAEAC13B1C4C71D8008820DC /* MultiviewTestUITests.swift */; };
		CAEAC14C1C4C783D008820DC /* PlaySoundsViewController.swift in Sources */ = {isa = PBXBuildFile; fileRef = CAEAC14B1C4C783D008820DC /* PlaySoundsViewController.swift */; };
		CAEAC14E1C4C7CFA008820DC /* RecordedAudio.swift in Sources */ = {isa = PBXBuildFile; fileRef = CAEAC14D1C4C7CFA008820DC /* RecordedAudio.swift */; };
/* End PBXBuildFile section */

/* Begin PBXContainerItemProxy section */
		CAEAC12D1C4C71D8008820DC /* PBXContainerItemProxy */ = {
			isa = PBXContainerItemProxy;
			containerPortal = CAEAC10D1C4C71D8008820DC /* Project object */;
			proxyType = 1;
			remoteGlobalIDString = CAEAC1141C4C71D8008820DC;
			remoteInfo = MultiviewTest;
		};
		CAEAC1381C4C71D8008820DC /* PBXContainerItemProxy */ = {
			isa = PBXContainerItemProxy;
			containerPortal = CAEAC10D1C4C71D8008820DC /* Project object */;
			proxyType = 1;
			remoteGlobalIDString = CAEAC1141C4C71D8008820DC;
			remoteInfo = MultiviewTest;
		};
/* End PBXContainerItemProxy section */

/* Begin PBXFileReference section */
		CAEAC1151C4C71D8008820DC /* MultiviewTest.app */ = {isa = PBXFileReference; explicitFileType = wrapper.application; includeInIndex = 0; path = MultiviewTest.app; sourceTree = BUILT_PRODUCTS_DIR; };
		CAEAC1181C4C71D8008820DC /* AppDelegate.swift */ = {isa = PBXFileReference; lastKnownFileType = sourcecode.swift; path = AppDelegate.swift; sourceTree = "<group>"; };
		CAEAC11A1C4C71D8008820DC /* ViewController.swift */ = {isa = PBXFileReference; lastKnownFileType = sourcecode.swift; path = ViewController.swift; sourceTree = "<group>"; };
		CAEAC11D1C4C71D8008820DC /* Base */ = {isa = PBXFileReference; lastKnownFileType = file.storyboard; name = Base; path = Base.lproj/Main.storyboard; sourceTree = "<group>"; };
		CAEAC1201C4C71D8008820DC /* MultiviewTest.xcdatamodel */ = {isa = PBXFileReference; lastKnownFileType = wrapper.xcdatamodel; path = MultiviewTest.xcdatamodel; sourceTree = "<group>"; };
		CAEAC1221C4C71D8008820DC /* Assets.xcassets */ = {isa = PBXFileReference; lastKnownFileType = folder.assetcatalog; path = Assets.xcassets; sourceTree = "<group>"; };
		CAEAC1251C4C71D8008820DC /* Base */ = {isa = PBXFileReference; lastKnownFileType = file.storyboard; name = Base; path = Base.lproj/LaunchScreen.storyboard; sourceTree = "<group>"; };
		CAEAC1271C4C71D8008820DC /* Info.plist */ = {isa = PBXFileReference; lastKnownFileType = text.plist.xml; path = Info.plist; sourceTree = "<group>"; };
		CAEAC12C1C4C71D8008820DC /* MultiviewTestTests.xctest */ = {isa = PBXFileReference; explicitFileType = wrapper.cfbundle; includeInIndex = 0; path = MultiviewTestTests.xctest; sourceTree = BUILT_PRODUCTS_DIR; };
		CAEAC1301C4C71D8008820DC /* MultiviewTestTests.swift */ = {isa = PBXFileReference; lastKnownFileType = sourcecode.swift; path = MultiviewTestTests.swift; sourceTree = "<group>"; };
		CAEAC1321C4C71D8008820DC /* Info.plist */ = {isa = PBXFileReference; lastKnownFileType = text.plist.xml; path = Info.plist; sourceTree = "<group>"; };
		CAEAC1371C4C71D8008820DC /* MultiviewTestUITests.xctest */ = {isa = PBXFileReference; explicitFileType = wrapper.cfbundle; includeInIndex = 0; path = MultiviewTestUITests.xctest; sourceTree = BUILT_PRODUCTS_DIR; };
		CAEAC13B1C4C71D8008820DC /* MultiviewTestUITests.swift */ = {isa = PBXFileReference; lastKnownFileType = sourcecode.swift; path = MultiviewTestUITests.swift; sourceTree = "<group>"; };
		CAEAC13D1C4C71D8008820DC /* Info.plist */ = {isa = PBXFileReference; lastKnownFileType = text.plist.xml; path = Info.plist; sourceTree = "<group>"; };
		CAEAC14B1C4C783D008820DC /* PlaySoundsViewController.swift */ = {isa = PBXFileReference; fileEncoding = 4; lastKnownFileType = sourcecode.swift; name = PlaySoundsViewController.swift; path = ../PlaySoundsViewController.swift; sourceTree = "<group>"; };
		CAEAC14D1C4C7CFA008820DC /* RecordedAudio.swift */ = {isa = PBXFileReference; fileEncoding = 4; lastKnownFileType = sourcecode.swift; path = RecordedAudio.swift; sourceTree = "<group>"; };
/* End PBXFileReference section */

/* Begin PBXFrameworksBuildPhase section */
		CAEAC1121C4C71D8008820DC /* Frameworks */ = {
			isa = PBXFrameworksBuildPhase;
			buildActionMask = 2147483647;
			files = (
			);
			runOnlyForDeploymentPostprocessing = 0;
		};
		CAEAC1291C4C71D8008820DC /* Frameworks */ = {
			isa = PBXFrameworksBuildPhase;
			buildActionMask = 2147483647;
			files = (
			);
			runOnlyForDeploymentPostprocessing = 0;
		};
		CAEAC1341C4C71D8008820DC /* Frameworks */ = {
			isa = PBXFrameworksBuildPhase;
			buildActionMask = 2147483647;
			files = (
			);
			runOnlyForDeploymentPostprocessing = 0;
		};
/* End PBXFrameworksBuildPhase section */

/* Begin PBXGroup section */
		CAEAC10C1C4C71D8008820DC = {
			isa = PBXGroup;
			children = (
				CAEAC1171C4C71D8008820DC /* MultiviewTest */,
				CAEAC12F1C4C71D8008820DC /* MultiviewTestTests */,
				CAEAC13A1C4C71D8008820DC /* MultiviewTestUITests */,
				CAEAC1161C4C71D8008820DC /* Products */,
			);
			sourceTree = "<group>";
		};
		CAEAC1161C4C71D8008820DC /* Products */ = {
			isa = PBXGroup;
			children = (
				CAEAC1151C4C71D8008820DC /* MultiviewTest.app */,
				CAEAC12C1C4C71D8008820DC /* MultiviewTestTests.xctest */,
				CAEAC1371C4C71D8008820DC /* MultiviewTestUITests.xctest */,
			);
			name = Products;
			sourceTree = "<group>";
		};
		CAEAC1171C4C71D8008820DC /* MultiviewTest */ = {
			isa = PBXGroup;
			children = (
				CAEAC14B1C4C783D008820DC /* PlaySoundsViewController.swift */,
				CAEAC1181C4C71D8008820DC /* AppDelegate.swift */,
				CAEAC11A1C4C71D8008820DC /* ViewController.swift */,
				CAEAC11C1C4C71D8008820DC /* Main.storyboard */,
				CAEAC14D1C4C7CFA008820DC /* RecordedAudio.swift */,
				CAEAC1221C4C71D8008820DC /* Assets.xcassets */,
				CAEAC1241C4C71D8008820DC /* LaunchScreen.storyboard */,
				CAEAC1271C4C71D8008820DC /* Info.plist */,
				CAEAC11F1C4C71D8008820DC /* MultiviewTest.xcdatamodeld */,
			);
			path = MultiviewTest;
			sourceTree = "<group>";
		};
		CAEAC12F1C4C71D8008820DC /* MultiviewTestTests */ = {
			isa = PBXGroup;
			children = (
				CAEAC1301C4C71D8008820DC /* MultiviewTestTests.swift */,
				CAEAC1321C4C71D8008820DC /* Info.plist */,
			);
			path = MultiviewTestTests;
			sourceTree = "<group>";
		};
		CAEAC13A1C4C71D8008820DC /* MultiviewTestUITests */ = {
			isa = PBXGroup;
			children = (
				CAEAC13B1C4C71D8008820DC /* MultiviewTestUITests.swift */,
				CAEAC13D1C4C71D8008820DC /* Info.plist */,
			);
			path = MultiviewTestUITests;
			sourceTree = "<group>";
		};
/* End PBXGroup section */

/* Begin PBXNativeTarget section */
		CAEAC1141C4C71D8008820DC /* MultiviewTest */ = {
			isa = PBXNativeTarget;
			buildConfigurationList = CAEAC1401C4C71D8008820DC /* Build configuration list for PBXNativeTarget "MultiviewTest" */;
			buildPhases = (
				CAEAC1111C4C71D8008820DC /* Sources */,
				CAEAC1121C4C71D8008820DC /* Frameworks */,
				CAEAC1131C4C71D8008820DC /* Resources */,
			);
			buildRules = (
			);
			dependencies = (
			);
			name = MultiviewTest;
			productName = MultiviewTest;
			productReference = CAEAC1151C4C71D8008820DC /* MultiviewTest.app */;
			productType = "com.apple.product-type.application";
		};
		CAEAC12B1C4C71D8008820DC /* MultiviewTestTests */ = {
			isa = PBXNativeTarget;
			buildConfigurationList = CAEAC1431C4C71D8008820DC /* Build configuration list for PBXNativeTarget "MultiviewTestTests" */;
			buildPhases = (
				CAEAC1281C4C71D8008820DC /* Sources */,
				CAEAC1291C4C71D8008820DC /* Frameworks */,
				CAEAC12A1C4C71D8008820DC /* Resources */,
			);
			buildRules = (
			);
			dependencies = (
				CAEAC12E1C4C71D8008820DC /* PBXTargetDependency */,
			);
			name = MultiviewTestTests;
			productName = MultiviewTestTests;
			productReference = CAEAC12C1C4C71D8008820DC /* MultiviewTestTests.xctest */;
			productType = "com.apple.product-type.bundle.unit-test";
		};
		CAEAC1361C4C71D8008820DC /* MultiviewTestUITests */ = {
			isa = PBXNativeTarget;
			buildConfigurationList = CAEAC1461C4C71D8008820DC /* Build configuration list for PBXNativeTarget "MultiviewTestUITests" */;
			buildPhases = (
				CAEAC1331C4C71D8008820DC /* Sources */,
				CAEAC1341C4C71D8008820DC /* Frameworks */,
				CAEAC1351C4C71D8008820DC /* Resources */,
			);
			buildRules = (
			);
			dependencies = (
				CAEAC1391C4C71D8008820DC /* PBXTargetDependency */,
			);
			name = MultiviewTestUITests;
			productName = MultiviewTestUITests;
			productReference = CAEAC1371C4C71D8008820DC /* MultiviewTestUITests.xctest */;
			productType = "com.apple.product-type.bundle.ui-testing";
		};
/* End PBXNativeTarget section */

/* Begin PBXProject section */
		CAEAC10D1C4C71D8008820DC /* Project object */ = {
			isa = PBXProject;
			attributes = {
				LastSwiftUpdateCheck = 0710;
				LastUpgradeCheck = 0710;
				ORGANIZATIONNAME = xjiang;
				TargetAttributes = {
					CAEAC1141C4C71D8008820DC = {
						CreatedOnToolsVersion = 7.1.1;
					};
					CAEAC12B1C4C71D8008820DC = {
						CreatedOnToolsVersion = 7.1.1;
						TestTargetID = CAEAC1141C4C71D8008820DC;
					};
					CAEAC1361C4C71D8008820DC = {
						CreatedOnToolsVersion = 7.1.1;
						TestTargetID = CAEAC1141C4C71D8008820DC;
					};
				};
			};
			buildConfigurationList = CAEAC1101C4C71D8008820DC /* Build configuration list for PBXProject "MultiviewTest" */;
			compatibilityVersion = "Xcode 3.2";
			developmentRegion = English;
			hasScannedForEncodings = 0;
			knownRegions = (
				en,
				Base,
			);
			mainGroup = CAEAC10C1C4C71D8008820DC;
			productRefGroup = CAEAC1161C4C71D8008820DC /* Products */;
			projectDirPath = "";
			projectRoot = "";
			targets = (
				CAEAC1141C4C71D8008820DC /* MultiviewTest */,
				CAEAC12B1C4C71D8008820DC /* MultiviewTestTests */,
				CAEAC1361C4C71D8008820DC /* MultiviewTestUITests */,
			);
		};
/* End PBXProject section */

/* Begin PBXResourcesBuildPhase section */
		CAEAC1131C4C71D8008820DC /* Resources */ = {
			isa = PBXResourcesBuildPhase;
			buildActionMask = 2147483647;
			files = (
				CAEAC1261C4C71D8008820DC /* LaunchScreen.storyboard in Resources */,
				CAEAC1231C4C71D8008820DC /* Assets.xcassets in Resources */,
				CAEAC11E1C4C71D8008820DC /* Main.storyboard in Resources */,
			);
			runOnlyForDeploymentPostprocessing = 0;
		};
		CAEAC12A1C4C71D8008820DC /* Resources */ = {
			isa = PBXResourcesBuildPhase;
			buildActionMask = 2147483647;
			files = (
			);
			runOnlyForDeploymentPostprocessing = 0;
		};
		CAEAC1351C4C71D8008820DC /* Resources */ = {
			isa = PBXResourcesBuildPhase;
			buildActionMask = 2147483647;
			files = (
			);
			runOnlyForDeploymentPostprocessing = 0;
		};
/* End PBXResourcesBuildPhase section */

/* Begin PBXSourcesBuildPhase section */
		CAEAC1111C4C71D8008820DC /* Sources */ = {
			isa = PBXSourcesBuildPhase;
			buildActionMask = 2147483647;
			files = (
				CAEAC14E1C4C7CFA008820DC /* RecordedAudio.swift in Sources */,
				CAEAC11B1C4C71D8008820DC /* ViewController.swift in Sources */,
				CAEAC1191C4C71D8008820DC /* AppDelegate.swift in Sources */,
				CAEAC14C1C4C783D008820DC /* PlaySoundsViewController.swift in Sources */,
				CAEAC1211C4C71D8008820DC /* MultiviewTest.xcdatamodeld in Sources */,
			);
			runOnlyForDeploymentPostprocessing = 0;
		};
		CAEAC1281C4C71D8008820DC /* Sources */ = {
			isa = PBXSourcesBuildPhase;
			buildActionMask = 2147483647;
			files = (
				CAEAC1311C4C71D8008820DC /* MultiviewTestTests.swift in Sources */,
			);
			runOnlyForDeploymentPostprocessing = 0;
		};
		CAEAC1331C4C71D8008820DC /* Sources */ = {
			isa = PBXSourcesBuildPhase;
			buildActionMask = 2147483647;
			files = (
				CAEAC13C1C4C71D8008820DC /* MultiviewTestUITests.swift in Sources */,
			);
			runOnlyForDeploymentPostprocessing = 0;
		};
/* End PBXSourcesBuildPhase section */

/* Begin PBXTargetDependency section */
		CAEAC12E1C4C71D8008820DC /* PBXTargetDependency */ = {
			isa = PBXTargetDependency;
			target = CAEAC1141C4C71D8008820DC /* MultiviewTest */;
			targetProxy = CAEAC12D1C4C71D8008820DC /* PBXContainerItemProxy */;
		};
		CAEAC1391C4C71D8008820DC /* PBXTargetDependency */ = {
			isa = PBXTargetDependency;
			target = CAEAC1141C4C71D8008820DC /* MultiviewTest */;
			targetProxy = CAEAC1381C4C71D8008820DC /* PBXContainerItemProxy */;
		};
/* End PBXTargetDependency section */

/* Begin PBXVariantGroup section */
		CAEAC11C1C4C71D8008820DC /* Main.storyboard */ = {
			isa = PBXVariantGroup;
			children = (
				CAEAC11D1C4C71D8008820DC /* Base */,
			);
			name = Main.storyboard;
			sourceTree = "<group>";
		};
		CAEAC1241C4C71D8008820DC /* LaunchScreen.storyboard */ = {
			isa = PBXVariantGroup;
			children = (
				CAEAC1251C4C71D8008820DC /* Base */,
			);
			name = LaunchScreen.storyboard;
			sourceTree = "<group>";
		};
/* End PBXVariantGroup section */

/* Begin XCBuildConfiguration section */
		CAEAC13E1C4C71D8008820DC /* Debug */ = {
			isa = XCBuildConfiguration;
			buildSettings = {
				ALWAYS_SEARCH_USER_PATHS = NO;
				CLANG_CXX_LANGUAGE_STANDARD = "gnu++0x";
				CLANG_CXX_LIBRARY = "libc++";
				CLANG_ENABLE_MODULES = YES;
				CLANG_ENABLE_OBJC_ARC = YES;
				CLANG_WARN_BOOL_CONVERSION = YES;
				CLANG_WARN_CONSTANT_CONVERSION = YES;
				CLANG_WARN_DIRECT_OBJC_ISA_USAGE = YES_ERROR;
				CLANG_WARN_EMPTY_BODY = YES;
				CLANG_WARN_ENUM_CONVERSION = YES;
				CLANG_WARN_INT_CONVERSION = YES;
				CLANG_WARN_OBJC_ROOT_CLASS = YES_ERROR;
				CLANG_WARN_UNREACHABLE_CODE = YES;
				CLANG_WARN__DUPLICATE_METHOD_MATCH = YES;
				"CODE_SIGN_IDENTITY[sdk=iphoneos*]" = "iPhone Developer";
				COPY_PHASE_STRIP = NO;
				DEBUG_INFORMATION_FORMAT = dwarf;
				ENABLE_STRICT_OBJC_MSGSEND = YES;
				ENABLE_TESTABILITY = YES;
				GCC_C_LANGUAGE_STANDARD = gnu99;
				GCC_DYNAMIC_NO_PIC = NO;
				GCC_NO_COMMON_BLOCKS = YES;
				GCC_OPTIMIZATION_LEVEL = 0;
				GCC_PREPROCESSOR_DEFINITIONS = (
					"DEBUG=1",
					"$(inherited)",
				);
				GCC_WARN_64_TO_32_BIT_CONVERSION = YES;
				GCC_WARN_ABOUT_RETURN_TYPE = YES_ERROR;
				GCC_WARN_UNDECLARED_SELECTOR = YES;
				GCC_WARN_UNINITIALIZED_AUTOS = YES_AGGRESSIVE;
				GCC_WARN_UNUSED_FUNCTION = YES;
				GCC_WARN_UNUSED_VARIABLE = YES;
				IPHONEOS_DEPLOYMENT_TARGET = 9.1;
				MTL_ENABLE_DEBUG_INFO = YES;
				ONLY_ACTIVE_ARCH = YES;
				SDKROOT = iphoneos;
				SWIFT_OPTIMIZATION_LEVEL = "-Onone";
				TARGETED_DEVICE_FAMILY = "1,2";
			};
			name = Debug;
		};
		CAEAC13F1C4C71D8008820DC /* Release */ = {
			isa = XCBuildConfiguration;
			buildSettings = {
				ALWAYS_SEARCH_USER_PATHS = NO;
				CLANG_CXX_LANGUAGE_STANDARD = "gnu++0x";
				CLANG_CXX_LIBRARY = "libc++";
				CLANG_ENABLE_MODULES = YES;
				CLANG_ENABLE_OBJC_ARC = YES;
				CLANG_WARN_BOOL_CONVERSION = YES;
				CLANG_WARN_CONSTANT_CONVERSION = YES;
				CLANG_WARN_DIRECT_OBJC_ISA_USAGE = YES_ERROR;
				CLANG_WARN_EMPTY_BODY = YES;
				CLANG_WARN_ENUM_CONVERSION = YES;
				CLANG_WARN_INT_CONVERSION = YES;
				CLANG_WARN_OBJC_ROOT_CLASS = YES_ERROR;
				CLANG_WARN_UNREACHABLE_CODE = YES;
				CLANG_WARN__DUPLICATE_METHOD_MATCH = YES;
				"CODE_SIGN_IDENTITY[sdk=iphoneos*]" = "iPhone Developer";
				COPY_PHASE_STRIP = NO;
				DEBUG_INFORMATION_FORMAT = "dwarf-with-dsym";
				ENABLE_NS_ASSERTIONS = NO;
				ENABLE_STRICT_OBJC_MSGSEND = YES;
				GCC_C_LANGUAGE_STANDARD = gnu99;
				GCC_NO_COMMON_BLOCKS = YES;
				GCC_WARN_64_TO_32_BIT_CONVERSION = YES;
				GCC_WARN_ABOUT_RETURN_TYPE = YES_ERROR;
				GCC_WARN_UNDECLARED_SELECTOR = YES;
				GCC_WARN_UNINITIALIZED_AUTOS = YES_AGGRESSIVE;
				GCC_WARN_UNUSED_FUNCTION = YES;
				GCC_WARN_UNUSED_VARIABLE = YES;
				IPHONEOS_DEPLOYMENT_TARGET = 9.1;
				MTL_ENABLE_DEBUG_INFO = NO;
				SDKROOT = iphoneos;
				TARGETED_DEVICE_FAMILY = "1,2";
				VALIDATE_PRODUCT = YES;
			};
			name = Release;
		};
		CAEAC1411C4C71D8008820DC /* Debug */ = {
			isa = XCBuildConfiguration;
			buildSettings = {
				ASSETCATALOG_COMPILER_APPICON_NAME = AppIcon;
				INFOPLIST_FILE = MultiviewTest/Info.plist;
				LD_RUNPATH_SEARCH_PATHS = "$(inherited) @executable_path/Frameworks";
				PRODUCT_BUNDLE_IDENTIFIER = com.xiang.MultiviewTest;
				PRODUCT_NAME = "$(TARGET_NAME)";
			};
			name = Debug;
		};
		CAEAC1421C4C71D8008820DC /* Release */ = {
			isa = XCBuildConfiguration;
			buildSettings = {
				ASSETCATALOG_COMPILER_APPICON_NAME = AppIcon;
				INFOPLIST_FILE = MultiviewTest/Info.plist;
				LD_RUNPATH_SEARCH_PATHS = "$(inherited) @executable_path/Frameworks";
				PRODUCT_BUNDLE_IDENTIFIER = com.xiang.MultiviewTest;
				PRODUCT_NAME = "$(TARGET_NAME)";
			};
			name = Release;
		};
		CAEAC1441C4C71D8008820DC /* Debug */ = {
			isa = XCBuildConfiguration;
			buildSettings = {
				BUNDLE_LOADER = "$(TEST_HOST)";
				INFOPLIST_FILE = MultiviewTestTests/Info.plist;
				LD_RUNPATH_SEARCH_PATHS = "$(inherited) @executable_path/Frameworks @loader_path/Frameworks";
				PRODUCT_BUNDLE_IDENTIFIER = com.xiang.MultiviewTestTests;
				PRODUCT_NAME = "$(TARGET_NAME)";
				TEST_HOST = "$(BUILT_PRODUCTS_DIR)/MultiviewTest.app/MultiviewTest";
			};
			name = Debug;
		};
		CAEAC1451C4C71D8008820DC /* Release */ = {
			isa = XCBuildConfiguration;
			buildSettings = {
				BUNDLE_LOADER = "$(TEST_HOST)";
				INFOPLIST_FILE = MultiviewTestTests/Info.plist;
				LD_RUNPATH_SEARCH_PATHS = "$(inherited) @executable_path/Frameworks @loader_path/Frameworks";
				PRODUCT_BUNDLE_IDENTIFIER = com.xiang.MultiviewTestTests;
				PRODUCT_NAME = "$(TARGET_NAME)";
				TEST_HOST = "$(BUILT_PRODUCTS_DIR)/MultiviewTest.app/MultiviewTest";
			};
			name = Release;
		};
		CAEAC1471C4C71D8008820DC /* Debug */ = {
			isa = XCBuildConfiguration;
			buildSettings = {
				INFOPLIST_FILE = MultiviewTestUITests/Info.plist;
				LD_RUNPATH_SEARCH_PATHS = "$(inherited) @executable_path/Frameworks @loader_path/Frameworks";
				PRODUCT_BUNDLE_IDENTIFIER = com.xiang.MultiviewTestUITests;
				PRODUCT_NAME = "$(TARGET_NAME)";
				TEST_TARGET_NAME = MultiviewTest;
				USES_XCTRUNNER = YES;
			};
			name = Debug;
		};
		CAEAC1481C4C71D8008820DC /* Release */ = {
			isa = XCBuildConfiguration;
			buildSettings = {
				INFOPLIST_FILE = MultiviewTestUITests/Info.plist;
				LD_RUNPATH_SEARCH_PATHS = "$(inherited) @executable_path/Frameworks @loader_path/Frameworks";
				PRODUCT_BUNDLE_IDENTIFIER = com.xiang.MultiviewTestUITests;
				PRODUCT_NAME = "$(TARGET_NAME)";
				TEST_TARGET_NAME = MultiviewTest;
				USES_XCTRUNNER = YES;
			};
			name = Release;
		};
/* End XCBuildConfiguration section */

/* Begin XCConfigurationList section */
		CAEAC1101C4C71D8008820DC /* Build configuration list for PBXProject "MultiviewTest" */ = {
			isa = XCConfigurationList;
			buildConfigurations = (
				CAEAC13E1C4C71D8008820DC /* Debug */,
				CAEAC13F1C4C71D8008820DC /* Release */,
			);
			defaultConfigurationIsVisible = 0;
			defaultConfigurationName = Release;
		};
		CAEAC1401C4C71D8008820DC /* Build configuration list for PBXNativeTarget "MultiviewTest" */ = {
			isa = XCConfigurationList;
			buildConfigurations = (
				CAEAC1411C4C71D8008820DC /* Debug */,
				CAEAC1421C4C71D8008820DC /* Release */,
			);
			defaultConfigurationIsVisible = 0;
			defaultConfigurationName = Release;
		};
		CAEAC1431C4C71D8008820DC /* Build configuration list for PBXNativeTarget "MultiviewTestTests" */ = {
			isa = XCConfigurationList;
			buildConfigurations = (
				CAEAC1441C4C71D8008820DC /* Debug */,
				CAEAC1451C4C71D8008820DC /* Release */,
			);
			defaultConfigurationIsVisible = 0;
			defaultConfigurationName = Release;
		};
		CAEAC1461C4C71D8008820DC /* Build configuration list for PBXNativeTarget "MultiviewTestUITests" */ = {
			isa = XCConfigurationList;
			buildConfigurations = (
				CAEAC1471C4C71D8008820DC /* Debug */,
				CAEAC1481C4C71D8008820DC /* Release */,
			);
			defaultConfigurationIsVisible = 0;
			defaultConfigurationName = Release;
		};
/* End XCConfigurationList section */

/* Begin XCVersionGroup section */
		CAEAC11F1C4C71D8008820DC /* MultiviewTest.xcdatamodeld */ = {
			isa = XCVersionGroup;
			children = (
				CAEAC1201C4C71D8008820DC /* MultiviewTest.xcdatamodel */,
			);
			currentVersion = CAEAC1201C4C71D8008820DC /* MultiviewTest.xcdatamodel */;
			path = MultiviewTest.xcdatamodeld;
			sourceTree = "<group>";
			versionGroupType = wrapper.xcdatamodel;
		};
/* End XCVersionGroup section */
	};
	rootObject = CAEAC10D1C4C71D8008820DC /* Project object */;
}
