// !$*UTF8*$!
{
	archiveVersion = 1;
	classes = {
	};
	objectVersion = 46;
	objects = {

/* Begin PBXBuildFile section */
		CAAC24A61C5EEAEC0064986F /* AppDelegate.swift in Sources */ = {isa = PBXBuildFile; fileRef = CAAC24A51C5EEAEC0064986F /* AppDelegate.swift */; };
		CAAC24A81C5EEAEC0064986F /* ViewController.swift in Sources */ = {isa = PBXBuildFile; fileRef = CAAC24A71C5EEAEC0064986F /* ViewController.swift */; };
		CAAC24AB1C5EEAEC0064986F /* Main.storyboard in Resources */ = {isa = PBXBuildFile; fileRef = CAAC24A91C5EEAEC0064986F /* Main.storyboard */; };
		CAAC24AE1C5EEAEC0064986F /* Networking.xcdatamodeld in Sources */ = {isa = PBXBuildFile; fileRef = CAAC24AC1C5EEAEC0064986F /* Networking.xcdatamodeld */; };
		CAAC24B01C5EEAED0064986F /* Assets.xcassets in Resources */ = {isa = PBXBuildFile; fileRef = CAAC24AF1C5EEAED0064986F /* Assets.xcassets */; };
		CAAC24B31C5EEAED0064986F /* LaunchScreen.storyboard in Resources */ = {isa = PBXBuildFile; fileRef = CAAC24B11C5EEAED0064986F /* LaunchScreen.storyboard */; };
		CAAC24BE1C5EEAED0064986F /* NetworkingTests.swift in Sources */ = {isa = PBXBuildFile; fileRef = CAAC24BD1C5EEAED0064986F /* NetworkingTests.swift */; };
		CAAC24C91C5EEAED0064986F /* NetworkingUITests.swift in Sources */ = {isa = PBXBuildFile; fileRef = CAAC24C81C5EEAED0064986F /* NetworkingUITests.swift */; };
/* End PBXBuildFile section */

/* Begin PBXContainerItemProxy section */
		CAAC24BA1C5EEAED0064986F /* PBXContainerItemProxy */ = {
			isa = PBXContainerItemProxy;
			containerPortal = CAAC249A1C5EEAEC0064986F /* Project object */;
			proxyType = 1;
			remoteGlobalIDString = CAAC24A11C5EEAEC0064986F;
			remoteInfo = Networking;
		};
		CAAC24C51C5EEAED0064986F /* PBXContainerItemProxy */ = {
			isa = PBXContainerItemProxy;
			containerPortal = CAAC249A1C5EEAEC0064986F /* Project object */;
			proxyType = 1;
			remoteGlobalIDString = CAAC24A11C5EEAEC0064986F;
			remoteInfo = Networking;
		};
/* End PBXContainerItemProxy section */

/* Begin PBXFileReference section */
		CAAC24A21C5EEAEC0064986F /* Networking.app */ = {isa = PBXFileReference; explicitFileType = wrapper.application; includeInIndex = 0; path = Networking.app; sourceTree = BUILT_PRODUCTS_DIR; };
		CAAC24A51C5EEAEC0064986F /* AppDelegate.swift */ = {isa = PBXFileReference; lastKnownFileType = sourcecode.swift; path = AppDelegate.swift; sourceTree = "<group>"; };
		CAAC24A71C5EEAEC0064986F /* ViewController.swift */ = {isa = PBXFileReference; lastKnownFileType = sourcecode.swift; path = ViewController.swift; sourceTree = "<group>"; };
		CAAC24AA1C5EEAEC0064986F /* Base */ = {isa = PBXFileReference; lastKnownFileType = file.storyboard; name = Base; path = Base.lproj/Main.storyboard; sourceTree = "<group>"; };
		CAAC24AD1C5EEAEC0064986F /* Networking.xcdatamodel */ = {isa = PBXFileReference; lastKnownFileType = wrapper.xcdatamodel; path = Networking.xcdatamodel; sourceTree = "<group>"; };
		CAAC24AF1C5EEAED0064986F /* Assets.xcassets */ = {isa = PBXFileReference; lastKnownFileType = folder.assetcatalog; path = Assets.xcassets; sourceTree = "<group>"; };
		CAAC24B21C5EEAED0064986F /* Base */ = {isa = PBXFileReference; lastKnownFileType = file.storyboard; name = Base; path = Base.lproj/LaunchScreen.storyboard; sourceTree = "<group>"; };
		CAAC24B41C5EEAED0064986F /* Info.plist */ = {isa = PBXFileReference; lastKnownFileType = text.plist.xml; path = Info.plist; sourceTree = "<group>"; };
		CAAC24B91C5EEAED0064986F /* NetworkingTests.xctest */ = {isa = PBXFileReference; explicitFileType = wrapper.cfbundle; includeInIndex = 0; path = NetworkingTests.xctest; sourceTree = BUILT_PRODUCTS_DIR; };
		CAAC24BD1C5EEAED0064986F /* NetworkingTests.swift */ = {isa = PBXFileReference; lastKnownFileType = sourcecode.swift; path = NetworkingTests.swift; sourceTree = "<group>"; };
		CAAC24BF1C5EEAED0064986F /* Info.plist */ = {isa = PBXFileReference; lastKnownFileType = text.plist.xml; path = Info.plist; sourceTree = "<group>"; };
		CAAC24C41C5EEAED0064986F /* NetworkingUITests.xctest */ = {isa = PBXFileReference; explicitFileType = wrapper.cfbundle; includeInIndex = 0; path = NetworkingUITests.xctest; sourceTree = BUILT_PRODUCTS_DIR; };
		CAAC24C81C5EEAED0064986F /* NetworkingUITests.swift */ = {isa = PBXFileReference; lastKnownFileType = sourcecode.swift; path = NetworkingUITests.swift; sourceTree = "<group>"; };
		CAAC24CA1C5EEAED0064986F /* Info.plist */ = {isa = PBXFileReference; lastKnownFileType = text.plist.xml; path = Info.plist; sourceTree = "<group>"; };
/* End PBXFileReference section */

/* Begin PBXFrameworksBuildPhase section */
		CAAC249F1C5EEAEC0064986F /* Frameworks */ = {
			isa = PBXFrameworksBuildPhase;
			buildActionMask = 2147483647;
			files = (
			);
			runOnlyForDeploymentPostprocessing = 0;
		};
		CAAC24B61C5EEAED0064986F /* Frameworks */ = {
			isa = PBXFrameworksBuildPhase;
			buildActionMask = 2147483647;
			files = (
			);
			runOnlyForDeploymentPostprocessing = 0;
		};
		CAAC24C11C5EEAED0064986F /* Frameworks */ = {
			isa = PBXFrameworksBuildPhase;
			buildActionMask = 2147483647;
			files = (
			);
			runOnlyForDeploymentPostprocessing = 0;
		};
/* End PBXFrameworksBuildPhase section */

/* Begin PBXGroup section */
		CAAC24991C5EEAEC0064986F = {
			isa = PBXGroup;
			children = (
				CAAC24A41C5EEAEC0064986F /* Networking */,
				CAAC24BC1C5EEAED0064986F /* NetworkingTests */,
				CAAC24C71C5EEAED0064986F /* NetworkingUITests */,
				CAAC24A31C5EEAEC0064986F /* Products */,
			);
			sourceTree = "<group>";
		};
		CAAC24A31C5EEAEC0064986F /* Products */ = {
			isa = PBXGroup;
			children = (
				CAAC24A21C5EEAEC0064986F /* Networking.app */,
				CAAC24B91C5EEAED0064986F /* NetworkingTests.xctest */,
				CAAC24C41C5EEAED0064986F /* NetworkingUITests.xctest */,
			);
			name = Products;
			sourceTree = "<group>";
		};
		CAAC24A41C5EEAEC0064986F /* Networking */ = {
			isa = PBXGroup;
			children = (
				CAAC24A51C5EEAEC0064986F /* AppDelegate.swift */,
				CAAC24A71C5EEAEC0064986F /* ViewController.swift */,
				CAAC24A91C5EEAEC0064986F /* Main.storyboard */,
				CAAC24AF1C5EEAED0064986F /* Assets.xcassets */,
				CAAC24B11C5EEAED0064986F /* LaunchScreen.storyboard */,
				CAAC24B41C5EEAED0064986F /* Info.plist */,
				CAAC24AC1C5EEAEC0064986F /* Networking.xcdatamodeld */,
			);
			path = Networking;
			sourceTree = "<group>";
		};
		CAAC24BC1C5EEAED0064986F /* NetworkingTests */ = {
			isa = PBXGroup;
			children = (
				CAAC24BD1C5EEAED0064986F /* NetworkingTests.swift */,
				CAAC24BF1C5EEAED0064986F /* Info.plist */,
			);
			path = NetworkingTests;
			sourceTree = "<group>";
		};
		CAAC24C71C5EEAED0064986F /* NetworkingUITests */ = {
			isa = PBXGroup;
			children = (
				CAAC24C81C5EEAED0064986F /* NetworkingUITests.swift */,
				CAAC24CA1C5EEAED0064986F /* Info.plist */,
			);
			path = NetworkingUITests;
			sourceTree = "<group>";
		};
/* End PBXGroup section */

/* Begin PBXNativeTarget section */
		CAAC24A11C5EEAEC0064986F /* Networking */ = {
			isa = PBXNativeTarget;
			buildConfigurationList = CAAC24CD1C5EEAED0064986F /* Build configuration list for PBXNativeTarget "Networking" */;
			buildPhases = (
				CAAC249E1C5EEAEC0064986F /* Sources */,
				CAAC249F1C5EEAEC0064986F /* Frameworks */,
				CAAC24A01C5EEAEC0064986F /* Resources */,
			);
			buildRules = (
			);
			dependencies = (
			);
			name = Networking;
			productName = Networking;
			productReference = CAAC24A21C5EEAEC0064986F /* Networking.app */;
			productType = "com.apple.product-type.application";
		};
		CAAC24B81C5EEAED0064986F /* NetworkingTests */ = {
			isa = PBXNativeTarget;
			buildConfigurationList = CAAC24D01C5EEAED0064986F /* Build configuration list for PBXNativeTarget "NetworkingTests" */;
			buildPhases = (
				CAAC24B51C5EEAED0064986F /* Sources */,
				CAAC24B61C5EEAED0064986F /* Frameworks */,
				CAAC24B71C5EEAED0064986F /* Resources */,
			);
			buildRules = (
			);
			dependencies = (
				CAAC24BB1C5EEAED0064986F /* PBXTargetDependency */,
			);
			name = NetworkingTests;
			productName = NetworkingTests;
			productReference = CAAC24B91C5EEAED0064986F /* NetworkingTests.xctest */;
			productType = "com.apple.product-type.bundle.unit-test";
		};
		CAAC24C31C5EEAED0064986F /* NetworkingUITests */ = {
			isa = PBXNativeTarget;
			buildConfigurationList = CAAC24D31C5EEAED0064986F /* Build configuration list for PBXNativeTarget "NetworkingUITests" */;
			buildPhases = (
				CAAC24C01C5EEAED0064986F /* Sources */,
				CAAC24C11C5EEAED0064986F /* Frameworks */,
				CAAC24C21C5EEAED0064986F /* Resources */,
			);
			buildRules = (
			);
			dependencies = (
				CAAC24C61C5EEAED0064986F /* PBXTargetDependency */,
			);
			name = NetworkingUITests;
			productName = NetworkingUITests;
			productReference = CAAC24C41C5EEAED0064986F /* NetworkingUITests.xctest */;
			productType = "com.apple.product-type.bundle.ui-testing";
		};
/* End PBXNativeTarget section */

/* Begin PBXProject section */
		CAAC249A1C5EEAEC0064986F /* Project object */ = {
			isa = PBXProject;
			attributes = {
				LastSwiftUpdateCheck = 0710;
				LastUpgradeCheck = 0710;
				ORGANIZATIONNAME = xjiang;
				TargetAttributes = {
					CAAC24A11C5EEAEC0064986F = {
						CreatedOnToolsVersion = 7.1.1;
					};
					CAAC24B81C5EEAED0064986F = {
						CreatedOnToolsVersion = 7.1.1;
						TestTargetID = CAAC24A11C5EEAEC0064986F;
					};
					CAAC24C31C5EEAED0064986F = {
						CreatedOnToolsVersion = 7.1.1;
						TestTargetID = CAAC24A11C5EEAEC0064986F;
					};
				};
			};
			buildConfigurationList = CAAC249D1C5EEAEC0064986F /* Build configuration list for PBXProject "Networking" */;
			compatibilityVersion = "Xcode 3.2";
			developmentRegion = English;
			hasScannedForEncodings = 0;
			knownRegions = (
				en,
				Base,
			);
			mainGroup = CAAC24991C5EEAEC0064986F;
			productRefGroup = CAAC24A31C5EEAEC0064986F /* Products */;
			projectDirPath = "";
			projectRoot = "";
			targets = (
				CAAC24A11C5EEAEC0064986F /* Networking */,
				CAAC24B81C5EEAED0064986F /* NetworkingTests */,
				CAAC24C31C5EEAED0064986F /* NetworkingUITests */,
			);
		};
/* End PBXProject section */

/* Begin PBXResourcesBuildPhase section */
		CAAC24A01C5EEAEC0064986F /* Resources */ = {
			isa = PBXResourcesBuildPhase;
			buildActionMask = 2147483647;
			files = (
				CAAC24B31C5EEAED0064986F /* LaunchScreen.storyboard in Resources */,
				CAAC24B01C5EEAED0064986F /* Assets.xcassets in Resources */,
				CAAC24AB1C5EEAEC0064986F /* Main.storyboard in Resources */,
			);
			runOnlyForDeploymentPostprocessing = 0;
		};
		CAAC24B71C5EEAED0064986F /* Resources */ = {
			isa = PBXResourcesBuildPhase;
			buildActionMask = 2147483647;
			files = (
			);
			runOnlyForDeploymentPostprocessing = 0;
		};
		CAAC24C21C5EEAED0064986F /* Resources */ = {
			isa = PBXResourcesBuildPhase;
			buildActionMask = 2147483647;
			files = (
			);
			runOnlyForDeploymentPostprocessing = 0;
		};
/* End PBXResourcesBuildPhase section */

/* Begin PBXSourcesBuildPhase section */
		CAAC249E1C5EEAEC0064986F /* Sources */ = {
			isa = PBXSourcesBuildPhase;
			buildActionMask = 2147483647;
			files = (
				CAAC24A81C5EEAEC0064986F /* ViewController.swift in Sources */,
				CAAC24AE1C5EEAEC0064986F /* Networking.xcdatamodeld in Sources */,
				CAAC24A61C5EEAEC0064986F /* AppDelegate.swift in Sources */,
			);
			runOnlyForDeploymentPostprocessing = 0;
		};
		CAAC24B51C5EEAED0064986F /* Sources */ = {
			isa = PBXSourcesBuildPhase;
			buildActionMask = 2147483647;
			files = (
				CAAC24BE1C5EEAED0064986F /* NetworkingTests.swift in Sources */,
			);
			runOnlyForDeploymentPostprocessing = 0;
		};
		CAAC24C01C5EEAED0064986F /* Sources */ = {
			isa = PBXSourcesBuildPhase;
			buildActionMask = 2147483647;
			files = (
				CAAC24C91C5EEAED0064986F /* NetworkingUITests.swift in Sources */,
			);
			runOnlyForDeploymentPostprocessing = 0;
		};
/* End PBXSourcesBuildPhase section */

/* Begin PBXTargetDependency section */
		CAAC24BB1C5EEAED0064986F /* PBXTargetDependency */ = {
			isa = PBXTargetDependency;
			target = CAAC24A11C5EEAEC0064986F /* Networking */;
			targetProxy = CAAC24BA1C5EEAED0064986F /* PBXContainerItemProxy */;
		};
		CAAC24C61C5EEAED0064986F /* PBXTargetDependency */ = {
			isa = PBXTargetDependency;
			target = CAAC24A11C5EEAEC0064986F /* Networking */;
			targetProxy = CAAC24C51C5EEAED0064986F /* PBXContainerItemProxy */;
		};
/* End PBXTargetDependency section */

/* Begin PBXVariantGroup section */
		CAAC24A91C5EEAEC0064986F /* Main.storyboard */ = {
			isa = PBXVariantGroup;
			children = (
				CAAC24AA1C5EEAEC0064986F /* Base */,
			);
			name = Main.storyboard;
			sourceTree = "<group>";
		};
		CAAC24B11C5EEAED0064986F /* LaunchScreen.storyboard */ = {
			isa = PBXVariantGroup;
			children = (
				CAAC24B21C5EEAED0064986F /* Base */,
			);
			name = LaunchScreen.storyboard;
			sourceTree = "<group>";
		};
/* End PBXVariantGroup section */

/* Begin XCBuildConfiguration section */
		CAAC24CB1C5EEAED0064986F /* Debug */ = {
			isa = XCBuildConfiguration;
			buildSettings = {
				ALWAYS_SEARCH_USER_PATHS = NO;
				CLANG_CXX_LANGUAGE_STANDARD = "gnu++0x";
				CLANG_CXX_LIBRARY = "libc++";
				CLANG_ENABLE_MODULES = YES;
				CLANG_ENABLE_OBJC_ARC = YES;
				CLANG_WARN_BOOL_CONVERSION = YES;
				CLANG_WARN_CONSTANT_CONVERSION = YES;
				CLANG_WARN_DIRECT_OBJC_ISA_USAGE = YES_ERROR;
				CLANG_WARN_EMPTY_BODY = YES;
				CLANG_WARN_ENUM_CONVERSION = YES;
				CLANG_WARN_INT_CONVERSION = YES;
				CLANG_WARN_OBJC_ROOT_CLASS = YES_ERROR;
				CLANG_WARN_UNREACHABLE_CODE = YES;
				CLANG_WARN__DUPLICATE_METHOD_MATCH = YES;
				"CODE_SIGN_IDENTITY[sdk=iphoneos*]" = "iPhone Developer";
				COPY_PHASE_STRIP = NO;
				DEBUG_INFORMATION_FORMAT = dwarf;
				ENABLE_STRICT_OBJC_MSGSEND = YES;
				ENABLE_TESTABILITY = YES;
				GCC_C_LANGUAGE_STANDARD = gnu99;
				GCC_DYNAMIC_NO_PIC = NO;
				GCC_NO_COMMON_BLOCKS = YES;
				GCC_OPTIMIZATION_LEVEL = 0;
				GCC_PREPROCESSOR_DEFINITIONS = (
					"DEBUG=1",
					"$(inherited)",
				);
				GCC_WARN_64_TO_32_BIT_CONVERSION = YES;
				GCC_WARN_ABOUT_RETURN_TYPE = YES_ERROR;
				GCC_WARN_UNDECLARED_SELECTOR = YES;
				GCC_WARN_UNINITIALIZED_AUTOS = YES_AGGRESSIVE;
				GCC_WARN_UNUSED_FUNCTION = YES;
				GCC_WARN_UNUSED_VARIABLE = YES;
				IPHONEOS_DEPLOYMENT_TARGET = 9.1;
				MTL_ENABLE_DEBUG_INFO = YES;
				ONLY_ACTIVE_ARCH = YES;
				SDKROOT = iphoneos;
				SWIFT_OPTIMIZATION_LEVEL = "-Onone";
			};
			name = Debug;
		};
		CAAC24CC1C5EEAED0064986F /* Release */ = {
			isa = XCBuildConfiguration;
			buildSettings = {
				ALWAYS_SEARCH_USER_PATHS = NO;
				CLANG_CXX_LANGUAGE_STANDARD = "gnu++0x";
				CLANG_CXX_LIBRARY = "libc++";
				CLANG_ENABLE_MODULES = YES;
				CLANG_ENABLE_OBJC_ARC = YES;
				CLANG_WARN_BOOL_CONVERSION = YES;
				CLANG_WARN_CONSTANT_CONVERSION = YES;
				CLANG_WARN_DIRECT_OBJC_ISA_USAGE = YES_ERROR;
				CLANG_WARN_EMPTY_BODY = YES;
				CLANG_WARN_ENUM_CONVERSION = YES;
				CLANG_WARN_INT_CONVERSION = YES;
				CLANG_WARN_OBJC_ROOT_CLASS = YES_ERROR;
				CLANG_WARN_UNREACHABLE_CODE = YES;
				CLANG_WARN__DUPLICATE_METHOD_MATCH = YES;
				"CODE_SIGN_IDENTITY[sdk=iphoneos*]" = "iPhone Developer";
				COPY_PHASE_STRIP = NO;
				DEBUG_INFORMATION_FORMAT = "dwarf-with-dsym";
				ENABLE_NS_ASSERTIONS = NO;
				ENABLE_STRICT_OBJC_MSGSEND = YES;
				GCC_C_LANGUAGE_STANDARD = gnu99;
				GCC_NO_COMMON_BLOCKS = YES;
				GCC_WARN_64_TO_32_BIT_CONVERSION = YES;
				GCC_WARN_ABOUT_RETURN_TYPE = YES_ERROR;
				GCC_WARN_UNDECLARED_SELECTOR = YES;
				GCC_WARN_UNINITIALIZED_AUTOS = YES_AGGRESSIVE;
				GCC_WARN_UNUSED_FUNCTION = YES;
				GCC_WARN_UNUSED_VARIABLE = YES;
				IPHONEOS_DEPLOYMENT_TARGET = 9.1;
				MTL_ENABLE_DEBUG_INFO = NO;
				SDKROOT = iphoneos;
				VALIDATE_PRODUCT = YES;
			};
			name = Release;
		};
		CAAC24CE1C5EEAED0064986F /* Debug */ = {
			isa = XCBuildConfiguration;
			buildSettings = {
				ASSETCATALOG_COMPILER_APPICON_NAME = AppIcon;
				INFOPLIST_FILE = Networking/Info.plist;
				LD_RUNPATH_SEARCH_PATHS = "$(inherited) @executable_path/Frameworks";
				PRODUCT_BUNDLE_IDENTIFIER = com.xiang.Networking;
				PRODUCT_NAME = "$(TARGET_NAME)";
			};
			name = Debug;
		};
		CAAC24CF1C5EEAED0064986F /* Release */ = {
			isa = XCBuildConfiguration;
			buildSettings = {
				ASSETCATALOG_COMPILER_APPICON_NAME = AppIcon;
				INFOPLIST_FILE = Networking/Info.plist;
				LD_RUNPATH_SEARCH_PATHS = "$(inherited) @executable_path/Frameworks";
				PRODUCT_BUNDLE_IDENTIFIER = com.xiang.Networking;
				PRODUCT_NAME = "$(TARGET_NAME)";
			};
			name = Release;
		};
		CAAC24D11C5EEAED0064986F /* Debug */ = {
			isa = XCBuildConfiguration;
			buildSettings = {
				BUNDLE_LOADER = "$(TEST_HOST)";
				INFOPLIST_FILE = NetworkingTests/Info.plist;
				LD_RUNPATH_SEARCH_PATHS = "$(inherited) @executable_path/Frameworks @loader_path/Frameworks";
				PRODUCT_BUNDLE_IDENTIFIER = com.xiang.NetworkingTests;
				PRODUCT_NAME = "$(TARGET_NAME)";
				TEST_HOST = "$(BUILT_PRODUCTS_DIR)/Networking.app/Networking";
			};
			name = Debug;
		};
		CAAC24D21C5EEAED0064986F /* Release */ = {
			isa = XCBuildConfiguration;
			buildSettings = {
				BUNDLE_LOADER = "$(TEST_HOST)";
				INFOPLIST_FILE = NetworkingTests/Info.plist;
				LD_RUNPATH_SEARCH_PATHS = "$(inherited) @executable_path/Frameworks @loader_path/Frameworks";
				PRODUCT_BUNDLE_IDENTIFIER = com.xiang.NetworkingTests;
				PRODUCT_NAME = "$(TARGET_NAME)";
				TEST_HOST = "$(BUILT_PRODUCTS_DIR)/Networking.app/Networking";
			};
			name = Release;
		};
		CAAC24D41C5EEAED0064986F /* Debug */ = {
			isa = XCBuildConfiguration;
			buildSettings = {
				INFOPLIST_FILE = NetworkingUITests/Info.plist;
				LD_RUNPATH_SEARCH_PATHS = "$(inherited) @executable_path/Frameworks @loader_path/Frameworks";
				PRODUCT_BUNDLE_IDENTIFIER = com.xiang.NetworkingUITests;
				PRODUCT_NAME = "$(TARGET_NAME)";
				TEST_TARGET_NAME = Networking;
				USES_XCTRUNNER = YES;
			};
			name = Debug;
		};
		CAAC24D51C5EEAED0064986F /* Release */ = {
			isa = XCBuildConfiguration;
			buildSettings = {
				INFOPLIST_FILE = NetworkingUITests/Info.plist;
				LD_RUNPATH_SEARCH_PATHS = "$(inherited) @executable_path/Frameworks @loader_path/Frameworks";
				PRODUCT_BUNDLE_IDENTIFIER = com.xiang.NetworkingUITests;
				PRODUCT_NAME = "$(TARGET_NAME)";
				TEST_TARGET_NAME = Networking;
				USES_XCTRUNNER = YES;
			};
			name = Release;
		};
/* End XCBuildConfiguration section */

/* Begin XCConfigurationList section */
		CAAC249D1C5EEAEC0064986F /* Build configuration list for PBXProject "Networking" */ = {
			isa = XCConfigurationList;
			buildConfigurations = (
				CAAC24CB1C5EEAED0064986F /* Debug */,
				CAAC24CC1C5EEAED0064986F /* Release */,
			);
			defaultConfigurationIsVisible = 0;
			defaultConfigurationName = Release;
		};
		CAAC24CD1C5EEAED0064986F /* Build configuration list for PBXNativeTarget "Networking" */ = {
			isa = XCConfigurationList;
			buildConfigurations = (
				CAAC24CE1C5EEAED0064986F /* Debug */,
				CAAC24CF1C5EEAED0064986F /* Release */,
			);
			defaultConfigurationIsVisible = 0;
		};
		CAAC24D01C5EEAED0064986F /* Build configuration list for PBXNativeTarget "NetworkingTests" */ = {
			isa = XCConfigurationList;
			buildConfigurations = (
				CAAC24D11C5EEAED0064986F /* Debug */,
				CAAC24D21C5EEAED0064986F /* Release */,
			);
			defaultConfigurationIsVisible = 0;
		};
		CAAC24D31C5EEAED0064986F /* Build configuration list for PBXNativeTarget "NetworkingUITests" */ = {
			isa = XCConfigurationList;
			buildConfigurations = (
				CAAC24D41C5EEAED0064986F /* Debug */,
				CAAC24D51C5EEAED0064986F /* Release */,
			);
			defaultConfigurationIsVisible = 0;
		};
/* End XCConfigurationList section */

/* Begin XCVersionGroup section */
		CAAC24AC1C5EEAEC0064986F /* Networking.xcdatamodeld */ = {
			isa = XCVersionGroup;
			children = (
				CAAC24AD1C5EEAEC0064986F /* Networking.xcdatamodel */,
			);
			currentVersion = CAAC24AD1C5EEAEC0064986F /* Networking.xcdatamodel */;
			path = Networking.xcdatamodeld;
			sourceTree = "<group>";
			versionGroupType = wrapper.xcdatamodel;
		};
/* End XCVersionGroup section */
	};
	rootObject = CAAC249A1C5EEAEC0064986F /* Project object */;
}
