// !$*UTF8*$!
{
	archiveVersion = 1;
	classes = {
	};
	objectVersion = 46;
	objects = {

/* Begin PBXBuildFile section */
		CA8D4E941DBAAFB100803ADE /* AppDelegate.swift in Sources */ = {isa = PBXBuildFile; fileRef = CA8D4E931DBAAFB100803ADE /* AppDelegate.swift */; };
		CA8D4E961DBAAFB100803ADE /* ViewController.swift in Sources */ = {isa = PBXBuildFile; fileRef = CA8D4E951DBAAFB100803ADE /* ViewController.swift */; };
		CA8D4E991DBAAFB100803ADE /* Main.storyboard in Resources */ = {isa = PBXBuildFile; fileRef = CA8D4E971DBAAFB100803ADE /* Main.storyboard */; };
		CA8D4E9B1DBAAFB100803ADE /* Assets.xcassets in Resources */ = {isa = PBXBuildFile; fileRef = CA8D4E9A1DBAAFB100803ADE /* Assets.xcassets */; };
		CA8D4E9E1DBAAFB100803ADE /* LaunchScreen.storyboard in Resources */ = {isa = PBXBuildFile; fileRef = CA8D4E9C1DBAAFB100803ADE /* LaunchScreen.storyboard */; };
		CA8D4EA61DBAAFD200803ADE /* XMLParser.swift in Sources */ = {isa = PBXBuildFile; fileRef = CA8D4EA51DBAAFD200803ADE /* XMLParser.swift */; };
/* End PBXBuildFile section */

/* Begin PBXFileReference section */
		CA8D4E901DBAAFB100803ADE /* userdefinedDelegate.app */ = {isa = PBXFileReference; explicitFileType = wrapper.application; includeInIndex = 0; path = userdefinedDelegate.app; sourceTree = BUILT_PRODUCTS_DIR; };
		CA8D4E931DBAAFB100803ADE /* AppDelegate.swift */ = {isa = PBXFileReference; lastKnownFileType = sourcecode.swift; path = AppDelegate.swift; sourceTree = "<group>"; };
		CA8D4E951DBAAFB100803ADE /* ViewController.swift */ = {isa = PBXFileReference; lastKnownFileType = sourcecode.swift; path = ViewController.swift; sourceTree = "<group>"; };
		CA8D4E981DBAAFB100803ADE /* Base */ = {isa = PBXFileReference; lastKnownFileType = file.storyboard; name = Base; path = Base.lproj/Main.storyboard; sourceTree = "<group>"; };
		CA8D4E9A1DBAAFB100803ADE /* Assets.xcassets */ = {isa = PBXFileReference; lastKnownFileType = folder.assetcatalog; path = Assets.xcassets; sourceTree = "<group>"; };
		CA8D4E9D1DBAAFB100803ADE /* Base */ = {isa = PBXFileReference; lastKnownFileType = file.storyboard; name = Base; path = Base.lproj/LaunchScreen.storyboard; sourceTree = "<group>"; };
		CA8D4E9F1DBAAFB100803ADE /* Info.plist */ = {isa = PBXFileReference; lastKnownFileType = text.plist.xml; path = Info.plist; sourceTree = "<group>"; };
		CA8D4EA51DBAAFD200803ADE /* XMLParser.swift */ = {isa = PBXFileReference; fileEncoding = 4; lastKnownFileType = sourcecode.swift; path = XMLParser.swift; sourceTree = "<group>"; };
/* End PBXFileReference section */

/* Begin PBXFrameworksBuildPhase section */
		CA8D4E8D1DBAAFB100803ADE /* Frameworks */ = {
			isa = PBXFrameworksBuildPhase;
			buildActionMask = 2147483647;
			files = (
			);
			runOnlyForDeploymentPostprocessing = 0;
		};
/* End PBXFrameworksBuildPhase section */

/* Begin PBXGroup section */
		CA8D4E871DBAAFB100803ADE = {
			isa = PBXGroup;
			children = (
				CA8D4E921DBAAFB100803ADE /* userdefinedDelegate */,
				CA8D4E911DBAAFB100803ADE /* Products */,
			);
			sourceTree = "<group>";
		};
		CA8D4E911DBAAFB100803ADE /* Products */ = {
			isa = PBXGroup;
			children = (
				CA8D4E901DBAAFB100803ADE /* userdefinedDelegate.app */,
			);
			name = Products;
			sourceTree = "<group>";
		};
		CA8D4E921DBAAFB100803ADE /* userdefinedDelegate */ = {
			isa = PBXGroup;
			children = (
				CA8D4E931DBAAFB100803ADE /* AppDelegate.swift */,
				CA8D4E951DBAAFB100803ADE /* ViewController.swift */,
				CA8D4E971DBAAFB100803ADE /* Main.storyboard */,
				CA8D4EA51DBAAFD200803ADE /* XMLParser.swift */,
				CA8D4E9A1DBAAFB100803ADE /* Assets.xcassets */,
				CA8D4E9C1DBAAFB100803ADE /* LaunchScreen.storyboard */,
				CA8D4E9F1DBAAFB100803ADE /* Info.plist */,
			);
			path = userdefinedDelegate;
			sourceTree = "<group>";
		};
/* End PBXGroup section */

/* Begin PBXNativeTarget section */
		CA8D4E8F1DBAAFB100803ADE /* userdefinedDelegate */ = {
			isa = PBXNativeTarget;
			buildConfigurationList = CA8D4EA21DBAAFB100803ADE /* Build configuration list for PBXNativeTarget "userdefinedDelegate" */;
			buildPhases = (
				CA8D4E8C1DBAAFB100803ADE /* Sources */,
				CA8D4E8D1DBAAFB100803ADE /* Frameworks */,
				CA8D4E8E1DBAAFB100803ADE /* Resources */,
			);
			buildRules = (
			);
			dependencies = (
			);
			name = userdefinedDelegate;
			productName = userdefinedDelegate;
			productReference = CA8D4E901DBAAFB100803ADE /* userdefinedDelegate.app */;
			productType = "com.apple.product-type.application";
		};
/* End PBXNativeTarget section */

/* Begin PBXProject section */
		CA8D4E881DBAAFB100803ADE /* Project object */ = {
			isa = PBXProject;
			attributes = {
				LastSwiftUpdateCheck = 0730;
				LastUpgradeCheck = 0730;
				ORGANIZATIONNAME = xjiang;
				TargetAttributes = {
					CA8D4E8F1DBAAFB100803ADE = {
						CreatedOnToolsVersion = 7.3.1;
					};
				};
			};
			buildConfigurationList = CA8D4E8B1DBAAFB100803ADE /* Build configuration list for PBXProject "userdefinedDelegate" */;
			compatibilityVersion = "Xcode 3.2";
			developmentRegion = English;
			hasScannedForEncodings = 0;
			knownRegions = (
				en,
				Base,
			);
			mainGroup = CA8D4E871DBAAFB100803ADE;
			productRefGroup = CA8D4E911DBAAFB100803ADE /* Products */;
			projectDirPath = "";
			projectRoot = "";
			targets = (
				CA8D4E8F1DBAAFB100803ADE /* userdefinedDelegate */,
			);
		};
/* End PBXProject section */

/* Begin PBXResourcesBuildPhase section */
		CA8D4E8E1DBAAFB100803ADE /* Resources */ = {
			isa = PBXResourcesBuildPhase;
			buildActionMask = 2147483647;
			files = (
				CA8D4E9E1DBAAFB100803ADE /* LaunchScreen.storyboard in Resources */,
				CA8D4E9B1DBAAFB100803ADE /* Assets.xcassets in Resources */,
				CA8D4E991DBAAFB100803ADE /* Main.storyboard in Resources */,
			);
			runOnlyForDeploymentPostprocessing = 0;
		};
/* End PBXResourcesBuildPhase section */

/* Begin PBXSourcesBuildPhase section */
		CA8D4E8C1DBAAFB100803ADE /* Sources */ = {
			isa = PBXSourcesBuildPhase;
			buildActionMask = 2147483647;
			files = (
				CA8D4E961DBAAFB100803ADE /* ViewController.swift in Sources */,
				CA8D4E941DBAAFB100803ADE /* AppDelegate.swift in Sources */,
				CA8D4EA61DBAAFD200803ADE /* XMLParser.swift in Sources */,
			);
			runOnlyForDeploymentPostprocessing = 0;
		};
/* End PBXSourcesBuildPhase section */

/* Begin PBXVariantGroup section */
		CA8D4E971DBAAFB100803ADE /* Main.storyboard */ = {
			isa = PBXVariantGroup;
			children = (
				CA8D4E981DBAAFB100803ADE /* Base */,
			);
			name = Main.storyboard;
			sourceTree = "<group>";
		};
		CA8D4E9C1DBAAFB100803ADE /* LaunchScreen.storyboard */ = {
			isa = PBXVariantGroup;
			children = (
				CA8D4E9D1DBAAFB100803ADE /* Base */,
			);
			name = LaunchScreen.storyboard;
			sourceTree = "<group>";
		};
/* End PBXVariantGroup section */

/* Begin XCBuildConfiguration section */
		CA8D4EA01DBAAFB100803ADE /* Debug */ = {
			isa = XCBuildConfiguration;
			buildSettings = {
				ALWAYS_SEARCH_USER_PATHS = NO;
				CLANG_ANALYZER_NONNULL = YES;
				CLANG_CXX_LANGUAGE_STANDARD = "gnu++0x";
				CLANG_CXX_LIBRARY = "libc++";
				CLANG_ENABLE_MODULES = YES;
				CLANG_ENABLE_OBJC_ARC = YES;
				CLANG_WARN_BOOL_CONVERSION = YES;
				CLANG_WARN_CONSTANT_CONVERSION = YES;
				CLANG_WARN_DIRECT_OBJC_ISA_USAGE = YES_ERROR;
				CLANG_WARN_EMPTY_BODY = YES;
				CLANG_WARN_ENUM_CONVERSION = YES;
				CLANG_WARN_INT_CONVERSION = YES;
				CLANG_WARN_OBJC_ROOT_CLASS = YES_ERROR;
				CLANG_WARN_UNREACHABLE_CODE = YES;
				CLANG_WARN__DUPLICATE_METHOD_MATCH = YES;
				"CODE_SIGN_IDENTITY[sdk=iphoneos*]" = "iPhone Developer";
				COPY_PHASE_STRIP = NO;
				DEBUG_INFORMATION_FORMAT = dwarf;
				ENABLE_STRICT_OBJC_MSGSEND = YES;
				ENABLE_TESTABILITY = YES;
				GCC_C_LANGUAGE_STANDARD = gnu99;
				GCC_DYNAMIC_NO_PIC = NO;
				GCC_NO_COMMON_BLOCKS = YES;
				GCC_OPTIMIZATION_LEVEL = 0;
				GCC_PREPROCESSOR_DEFINITIONS = (
					"DEBUG=1",
					"$(inherited)",
				);
				GCC_WARN_64_TO_32_BIT_CONVERSION = YES;
				GCC_WARN_ABOUT_RETURN_TYPE = YES_ERROR;
				GCC_WARN_UNDECLARED_SELECTOR = YES;
				GCC_WARN_UNINITIALIZED_AUTOS = YES_AGGRESSIVE;
				GCC_WARN_UNUSED_FUNCTION = YES;
				GCC_WARN_UNUSED_VARIABLE = YES;
				IPHONEOS_DEPLOYMENT_TARGET = 9.3;
				MTL_ENABLE_DEBUG_INFO = YES;
				ONLY_ACTIVE_ARCH = YES;
				SDKROOT = iphoneos;
				SWIFT_OPTIMIZATION_LEVEL = "-Onone";
			};
			name = Debug;
		};
		CA8D4EA11DBAAFB100803ADE /* Release */ = {
			isa = XCBuildConfiguration;
			buildSettings = {
				ALWAYS_SEARCH_USER_PATHS = NO;
				CLANG_ANALYZER_NONNULL = YES;
				CLANG_CXX_LANGUAGE_STANDARD = "gnu++0x";
				CLANG_CXX_LIBRARY = "libc++";
				CLANG_ENABLE_MODULES = YES;
				CLANG_ENABLE_OBJC_ARC = YES;
				CLANG_WARN_BOOL_CONVERSION = YES;
				CLANG_WARN_CONSTANT_CONVERSION = YES;
				CLANG_WARN_DIRECT_OBJC_ISA_USAGE = YES_ERROR;
				CLANG_WARN_EMPTY_BODY = YES;
				CLANG_WARN_ENUM_CONVERSION = YES;
				CLANG_WARN_INT_CONVERSION = YES;
				CLANG_WARN_OBJC_ROOT_CLASS = YES_ERROR;
				CLANG_WARN_UNREACHABLE_CODE = YES;
				CLANG_WARN__DUPLICATE_METHOD_MATCH = YES;
				"CODE_SIGN_IDENTITY[sdk=iphoneos*]" = "iPhone Developer";
				COPY_PHASE_STRIP = NO;
				DEBUG_INFORMATION_FORMAT = "dwarf-with-dsym";
				ENABLE_NS_ASSERTIONS = NO;
				ENABLE_STRICT_OBJC_MSGSEND = YES;
				GCC_C_LANGUAGE_STANDARD = gnu99;
				GCC_NO_COMMON_BLOCKS = YES;
				GCC_WARN_64_TO_32_BIT_CONVERSION = YES;
				GCC_WARN_ABOUT_RETURN_TYPE = YES_ERROR;
				GCC_WARN_UNDECLARED_SELECTOR = YES;
				GCC_WARN_UNINITIALIZED_AUTOS = YES_AGGRESSIVE;
				GCC_WARN_UNUSED_FUNCTION = YES;
				GCC_WARN_UNUSED_VARIABLE = YES;
				IPHONEOS_DEPLOYMENT_TARGET = 9.3;
				MTL_ENABLE_DEBUG_INFO = NO;
				SDKROOT = iphoneos;
				VALIDATE_PRODUCT = YES;
			};
			name = Release;
		};
		CA8D4EA31DBAAFB100803ADE /* Debug */ = {
			isa = XCBuildConfiguration;
			buildSettings = {
				ASSETCATALOG_COMPILER_APPICON_NAME = AppIcon;
				INFOPLIST_FILE = userdefinedDelegate/Info.plist;
				LD_RUNPATH_SEARCH_PATHS = "$(inherited) @executable_path/Frameworks";
				PRODUCT_BUNDLE_IDENTIFIER = com.xiang.userdefinedDelegate;
				PRODUCT_NAME = "$(TARGET_NAME)";
			};
			name = Debug;
		};
		CA8D4EA41DBAAFB100803ADE /* Release */ = {
			isa = XCBuildConfiguration;
			buildSettings = {
				ASSETCATALOG_COMPILER_APPICON_NAME = AppIcon;
				INFOPLIST_FILE = userdefinedDelegate/Info.plist;
				LD_RUNPATH_SEARCH_PATHS = "$(inherited) @executable_path/Frameworks";
				PRODUCT_BUNDLE_IDENTIFIER = com.xiang.userdefinedDelegate;
				PRODUCT_NAME = "$(TARGET_NAME)";
			};
			name = Release;
		};
/* End XCBuildConfiguration section */

/* Begin XCConfigurationList section */
		CA8D4E8B1DBAAFB100803ADE /* Build configuration list for PBXProject "userdefinedDelegate" */ = {
			isa = XCConfigurationList;
			buildConfigurations = (
				CA8D4EA01DBAAFB100803ADE /* Debug */,
				CA8D4EA11DBAAFB100803ADE /* Release */,
			);
			defaultConfigurationIsVisible = 0;
			defaultConfigurationName = Release;
		};
		CA8D4EA21DBAAFB100803ADE /* Build configuration list for PBXNativeTarget "userdefinedDelegate" */ = {
			isa = XCConfigurationList;
			buildConfigurations = (
				CA8D4EA31DBAAFB100803ADE /* Debug */,
				CA8D4EA41DBAAFB100803ADE /* Release */,
			);
			defaultConfigurationIsVisible = 0;
		};
/* End XCConfigurationList section */
	};
	rootObject = CA8D4E881DBAAFB100803ADE /* Project object */;
}
