// !$*UTF8*$!
{
	archiveVersion = 1;
	classes = {
	};
	objectVersion = 46;
	objects = {

/* Begin PBXBuildFile section */
		CA3887561D91B29800E54BF6 /* AppDelegate.swift in Sources */ = {isa = PBXBuildFile; fileRef = CA3887551D91B29800E54BF6 /* AppDelegate.swift */; };
		CA3887581D91B29800E54BF6 /* ViewController.swift in Sources */ = {isa = PBXBuildFile; fileRef = CA3887571D91B29800E54BF6 /* ViewController.swift */; };
		CA38875B1D91B29800E54BF6 /* Main.storyboard in Resources */ = {isa = PBXBuildFile; fileRef = CA3887591D91B29800E54BF6 /* Main.storyboard */; };
		CA38875D1D91B29800E54BF6 /* Assets.xcassets in Resources */ = {isa = PBXBuildFile; fileRef = CA38875C1D91B29800E54BF6 /* Assets.xcassets */; };
		CA3887601D91B29800E54BF6 /* LaunchScreen.storyboard in Resources */ = {isa = PBXBuildFile; fileRef = CA38875E1D91B29800E54BF6 /* LaunchScreen.storyboard */; };
		CA38876C1D91B4F500E54BF6 /* PlayRecordingViewController.swift in Sources */ = {isa = PBXBuildFile; fileRef = CA38876B1D91B4F500E54BF6 /* PlayRecordingViewController.swift */; };
		CA38876E1D91B51B00E54BF6 /* Recording.swift in Sources */ = {isa = PBXBuildFile; fileRef = CA38876D1D91B51B00E54BF6 /* Recording.swift */; };
		CA3887721D91BABC00E54BF6 /* mock.mp3 in Resources */ = {isa = PBXBuildFile; fileRef = CA3887711D91BABC00E54BF6 /* mock.mp3 */; };
/* End PBXBuildFile section */

/* Begin PBXFileReference section */
		CA3887521D91B29800E54BF6 /* MultiviewApp.app */ = {isa = PBXFileReference; explicitFileType = wrapper.application; includeInIndex = 0; path = MultiviewApp.app; sourceTree = BUILT_PRODUCTS_DIR; };
		CA3887551D91B29800E54BF6 /* AppDelegate.swift */ = {isa = PBXFileReference; lastKnownFileType = sourcecode.swift; path = AppDelegate.swift; sourceTree = "<group>"; };
		CA3887571D91B29800E54BF6 /* ViewController.swift */ = {isa = PBXFileReference; lastKnownFileType = sourcecode.swift; path = ViewController.swift; sourceTree = "<group>"; };
		CA38875A1D91B29800E54BF6 /* Base */ = {isa = PBXFileReference; lastKnownFileType = file.storyboard; name = Base; path = Base.lproj/Main.storyboard; sourceTree = "<group>"; };
		CA38875C1D91B29800E54BF6 /* Assets.xcassets */ = {isa = PBXFileReference; lastKnownFileType = folder.assetcatalog; path = Assets.xcassets; sourceTree = "<group>"; };
		CA38875F1D91B29800E54BF6 /* Base */ = {isa = PBXFileReference; lastKnownFileType = file.storyboard; name = Base; path = Base.lproj/LaunchScreen.storyboard; sourceTree = "<group>"; };
		CA3887611D91B29800E54BF6 /* Info.plist */ = {isa = PBXFileReference; lastKnownFileType = text.plist.xml; path = Info.plist; sourceTree = "<group>"; };
		CA38876B1D91B4F500E54BF6 /* PlayRecordingViewController.swift */ = {isa = PBXFileReference; fileEncoding = 4; lastKnownFileType = sourcecode.swift; name = PlayRecordingViewController.swift; path = ../PlayRecordingViewController.swift; sourceTree = "<group>"; };
		CA38876D1D91B51B00E54BF6 /* Recording.swift */ = {isa = PBXFileReference; fileEncoding = 4; lastKnownFileType = sourcecode.swift; name = Recording.swift; path = ../Recording.swift; sourceTree = "<group>"; };
		CA3887711D91BABC00E54BF6 /* mock.mp3 */ = {isa = PBXFileReference; lastKnownFileType = audio.mp3; path = mock.mp3; sourceTree = "<group>"; };
/* End PBXFileReference section */

/* Begin PBXFrameworksBuildPhase section */
		CA38874F1D91B29800E54BF6 /* Frameworks */ = {
			isa = PBXFrameworksBuildPhase;
			buildActionMask = 2147483647;
			files = (
			);
			runOnlyForDeploymentPostprocessing = 0;
		};
/* End PBXFrameworksBuildPhase section */

/* Begin PBXGroup section */
		CA3887491D91B29800E54BF6 = {
			isa = PBXGroup;
			children = (
				CA3887541D91B29800E54BF6 /* MultiviewApp */,
				CA3887531D91B29800E54BF6 /* Products */,
			);
			sourceTree = "<group>";
		};
		CA3887531D91B29800E54BF6 /* Products */ = {
			isa = PBXGroup;
			children = (
				CA3887521D91B29800E54BF6 /* MultiviewApp.app */,
			);
			name = Products;
			sourceTree = "<group>";
		};
		CA3887541D91B29800E54BF6 /* MultiviewApp */ = {
			isa = PBXGroup;
			children = (
				CA3887551D91B29800E54BF6 /* AppDelegate.swift */,
				CA38876D1D91B51B00E54BF6 /* Recording.swift */,
				CA38876B1D91B4F500E54BF6 /* PlayRecordingViewController.swift */,
				CA3887571D91B29800E54BF6 /* ViewController.swift */,
				CA3887591D91B29800E54BF6 /* Main.storyboard */,
				CA38875C1D91B29800E54BF6 /* Assets.xcassets */,
				CA3887711D91BABC00E54BF6 /* mock.mp3 */,
				CA38875E1D91B29800E54BF6 /* LaunchScreen.storyboard */,
				CA3887611D91B29800E54BF6 /* Info.plist */,
			);
			path = MultiviewApp;
			sourceTree = "<group>";
		};
/* End PBXGroup section */

/* Begin PBXNativeTarget section */
		CA3887511D91B29800E54BF6 /* MultiviewApp */ = {
			isa = PBXNativeTarget;
			buildConfigurationList = CA3887641D91B29800E54BF6 /* Build configuration list for PBXNativeTarget "MultiviewApp" */;
			buildPhases = (
				CA38874E1D91B29800E54BF6 /* Sources */,
				CA38874F1D91B29800E54BF6 /* Frameworks */,
				CA3887501D91B29800E54BF6 /* Resources */,
			);
			buildRules = (
			);
			dependencies = (
			);
			name = MultiviewApp;
			productName = MultiviewApp;
			productReference = CA3887521D91B29800E54BF6 /* MultiviewApp.app */;
			productType = "com.apple.product-type.application";
		};
/* End PBXNativeTarget section */

/* Begin PBXProject section */
		CA38874A1D91B29800E54BF6 /* Project object */ = {
			isa = PBXProject;
			attributes = {
				LastSwiftUpdateCheck = 0730;
				LastUpgradeCheck = 0730;
				ORGANIZATIONNAME = xjiang;
				TargetAttributes = {
					CA3887511D91B29800E54BF6 = {
						CreatedOnToolsVersion = 7.3.1;
					};
				};
			};
			buildConfigurationList = CA38874D1D91B29800E54BF6 /* Build configuration list for PBXProject "MultiviewApp" */;
			compatibilityVersion = "Xcode 3.2";
			developmentRegion = English;
			hasScannedForEncodings = 0;
			knownRegions = (
				en,
				Base,
			);
			mainGroup = CA3887491D91B29800E54BF6;
			productRefGroup = CA3887531D91B29800E54BF6 /* Products */;
			projectDirPath = "";
			projectRoot = "";
			targets = (
				CA3887511D91B29800E54BF6 /* MultiviewApp */,
			);
		};
/* End PBXProject section */

/* Begin PBXResourcesBuildPhase section */
		CA3887501D91B29800E54BF6 /* Resources */ = {
			isa = PBXResourcesBuildPhase;
			buildActionMask = 2147483647;
			files = (
				CA3887721D91BABC00E54BF6 /* mock.mp3 in Resources */,
				CA3887601D91B29800E54BF6 /* LaunchScreen.storyboard in Resources */,
				CA38875D1D91B29800E54BF6 /* Assets.xcassets in Resources */,
				CA38875B1D91B29800E54BF6 /* Main.storyboard in Resources */,
			);
			runOnlyForDeploymentPostprocessing = 0;
		};
/* End PBXResourcesBuildPhase section */

/* Begin PBXSourcesBuildPhase section */
		CA38874E1D91B29800E54BF6 /* Sources */ = {
			isa = PBXSourcesBuildPhase;
			buildActionMask = 2147483647;
			files = (
				CA38876C1D91B4F500E54BF6 /* PlayRecordingViewController.swift in Sources */,
				CA3887581D91B29800E54BF6 /* ViewController.swift in Sources */,
				CA3887561D91B29800E54BF6 /* AppDelegate.swift in Sources */,
				CA38876E1D91B51B00E54BF6 /* Recording.swift in Sources */,
			);
			runOnlyForDeploymentPostprocessing = 0;
		};
/* End PBXSourcesBuildPhase section */

/* Begin PBXVariantGroup section */
		CA3887591D91B29800E54BF6 /* Main.storyboard */ = {
			isa = PBXVariantGroup;
			children = (
				CA38875A1D91B29800E54BF6 /* Base */,
			);
			name = Main.storyboard;
			sourceTree = "<group>";
		};
		CA38875E1D91B29800E54BF6 /* LaunchScreen.storyboard */ = {
			isa = PBXVariantGroup;
			children = (
				CA38875F1D91B29800E54BF6 /* Base */,
			);
			name = LaunchScreen.storyboard;
			sourceTree = "<group>";
		};
/* End PBXVariantGroup section */

/* Begin XCBuildConfiguration section */
		CA3887621D91B29800E54BF6 /* Debug */ = {
			isa = XCBuildConfiguration;
			buildSettings = {
				ALWAYS_SEARCH_USER_PATHS = NO;
				CLANG_ANALYZER_NONNULL = YES;
				CLANG_CXX_LANGUAGE_STANDARD = "gnu++0x";
				CLANG_CXX_LIBRARY = "libc++";
				CLANG_ENABLE_MODULES = YES;
				CLANG_ENABLE_OBJC_ARC = YES;
				CLANG_WARN_BOOL_CONVERSION = YES;
				CLANG_WARN_CONSTANT_CONVERSION = YES;
				CLANG_WARN_DIRECT_OBJC_ISA_USAGE = YES_ERROR;
				CLANG_WARN_EMPTY_BODY = YES;
				CLANG_WARN_ENUM_CONVERSION = YES;
				CLANG_WARN_INT_CONVERSION = YES;
				CLANG_WARN_OBJC_ROOT_CLASS = YES_ERROR;
				CLANG_WARN_UNREACHABLE_CODE = YES;
				CLANG_WARN__DUPLICATE_METHOD_MATCH = YES;
				"CODE_SIGN_IDENTITY[sdk=iphoneos*]" = "iPhone Developer";
				COPY_PHASE_STRIP = NO;
				DEBUG_INFORMATION_FORMAT = dwarf;
				ENABLE_STRICT_OBJC_MSGSEND = YES;
				ENABLE_TESTABILITY = YES;
				GCC_C_LANGUAGE_STANDARD = gnu99;
				GCC_DYNAMIC_NO_PIC = NO;
				GCC_NO_COMMON_BLOCKS = YES;
				GCC_OPTIMIZATION_LEVEL = 0;
				GCC_PREPROCESSOR_DEFINITIONS = (
					"DEBUG=1",
					"$(inherited)",
				);
				GCC_WARN_64_TO_32_BIT_CONVERSION = YES;
				GCC_WARN_ABOUT_RETURN_TYPE = YES_ERROR;
				GCC_WARN_UNDECLARED_SELECTOR = YES;
				GCC_WARN_UNINITIALIZED_AUTOS = YES_AGGRESSIVE;
				GCC_WARN_UNUSED_FUNCTION = YES;
				GCC_WARN_UNUSED_VARIABLE = YES;
				IPHONEOS_DEPLOYMENT_TARGET = 9.3;
				MTL_ENABLE_DEBUG_INFO = YES;
				ONLY_ACTIVE_ARCH = YES;
				SDKROOT = iphoneos;
				SWIFT_OPTIMIZATION_LEVEL = "-Onone";
			};
			name = Debug;
		};
		CA3887631D91B29800E54BF6 /* Release */ = {
			isa = XCBuildConfiguration;
			buildSettings = {
				ALWAYS_SEARCH_USER_PATHS = NO;
				CLANG_ANALYZER_NONNULL = YES;
				CLANG_CXX_LANGUAGE_STANDARD = "gnu++0x";
				CLANG_CXX_LIBRARY = "libc++";
				CLANG_ENABLE_MODULES = YES;
				CLANG_ENABLE_OBJC_ARC = YES;
				CLANG_WARN_BOOL_CONVERSION = YES;
				CLANG_WARN_CONSTANT_CONVERSION = YES;
				CLANG_WARN_DIRECT_OBJC_ISA_USAGE = YES_ERROR;
				CLANG_WARN_EMPTY_BODY = YES;
				CLANG_WARN_ENUM_CONVERSION = YES;
				CLANG_WARN_INT_CONVERSION = YES;
				CLANG_WARN_OBJC_ROOT_CLASS = YES_ERROR;
				CLANG_WARN_UNREACHABLE_CODE = YES;
				CLANG_WARN__DUPLICATE_METHOD_MATCH = YES;
				"CODE_SIGN_IDENTITY[sdk=iphoneos*]" = "iPhone Developer";
				COPY_PHASE_STRIP = NO;
				DEBUG_INFORMATION_FORMAT = "dwarf-with-dsym";
				ENABLE_NS_ASSERTIONS = NO;
				ENABLE_STRICT_OBJC_MSGSEND = YES;
				GCC_C_LANGUAGE_STANDARD = gnu99;
				GCC_NO_COMMON_BLOCKS = YES;
				GCC_WARN_64_TO_32_BIT_CONVERSION = YES;
				GCC_WARN_ABOUT_RETURN_TYPE = YES_ERROR;
				GCC_WARN_UNDECLARED_SELECTOR = YES;
				GCC_WARN_UNINITIALIZED_AUTOS = YES_AGGRESSIVE;
				GCC_WARN_UNUSED_FUNCTION = YES;
				GCC_WARN_UNUSED_VARIABLE = YES;
				IPHONEOS_DEPLOYMENT_TARGET = 9.3;
				MTL_ENABLE_DEBUG_INFO = NO;
				SDKROOT = iphoneos;
				VALIDATE_PRODUCT = YES;
			};
			name = Release;
		};
		CA3887651D91B29800E54BF6 /* Debug */ = {
			isa = XCBuildConfiguration;
			buildSettings = {
				ASSETCATALOG_COMPILER_APPICON_NAME = AppIcon;
				INFOPLIST_FILE = MultiviewApp/Info.plist;
				LD_RUNPATH_SEARCH_PATHS = "$(inherited) @executable_path/Frameworks";
				PRODUCT_BUNDLE_IDENTIFIER = com.xiang.MultiviewApp;
				PRODUCT_NAME = "$(TARGET_NAME)";
			};
			name = Debug;
		};
		CA3887661D91B29800E54BF6 /* Release */ = {
			isa = XCBuildConfiguration;
			buildSettings = {
				ASSETCATALOG_COMPILER_APPICON_NAME = AppIcon;
				INFOPLIST_FILE = MultiviewApp/Info.plist;
				LD_RUNPATH_SEARCH_PATHS = "$(inherited) @executable_path/Frameworks";
				PRODUCT_BUNDLE_IDENTIFIER = com.xiang.MultiviewApp;
				PRODUCT_NAME = "$(TARGET_NAME)";
			};
			name = Release;
		};
/* End XCBuildConfiguration section */

/* Begin XCConfigurationList section */
		CA38874D1D91B29800E54BF6 /* Build configuration list for PBXProject "MultiviewApp" */ = {
			isa = XCConfigurationList;
			buildConfigurations = (
				CA3887621D91B29800E54BF6 /* Debug */,
				CA3887631D91B29800E54BF6 /* Release */,
			);
			defaultConfigurationIsVisible = 0;
			defaultConfigurationName = Release;
		};
		CA3887641D91B29800E54BF6 /* Build configuration list for PBXNativeTarget "MultiviewApp" */ = {
			isa = XCConfigurationList;
			buildConfigurations = (
				CA3887651D91B29800E54BF6 /* Debug */,
				CA3887661D91B29800E54BF6 /* Release */,
			);
			defaultConfigurationIsVisible = 0;
		};
/* End XCConfigurationList section */
	};
	rootObject = CA38874A1D91B29800E54BF6 /* Project object */;
}
